// !$*UTF8*$!
{
	archiveVersion = 1;
	classes = {
	};
	objectVersion = 46;
	objects = {

/* Begin PBXBuildFile section */
		C206DAA11506119700C8C76B /* SKCommonAudioManager.m in Sources */ = {isa = PBXBuildFile; fileRef = C206DAA01506119700C8C76B /* SKCommonAudioManager.m */; };
		C206DAA915061B1A00C8C76B /* AVFoundation.framework in Frameworks */ = {isa = PBXBuildFile; fileRef = C206DAA815061B1A00C8C76B /* AVFoundation.framework */; };
		C25204D314FCAD5E00904942 /* EntryController.xib in Resources */ = {isa = PBXBuildFile; fileRef = C25204D414FCAD5E00904942 /* EntryController.xib */; };
		C25204DD14FCAF1800904942 /* RecordController.m in Sources */ = {isa = PBXBuildFile; fileRef = C25204DB14FCAF1800904942 /* RecordController.m */; };
		C25204DE14FCAF1800904942 /* RecordController.xib in Resources */ = {isa = PBXBuildFile; fileRef = C25204DC14FCAF1800904942 /* RecordController.xib */; };
		C25204E214FCAF3700904942 /* HelpController.m in Sources */ = {isa = PBXBuildFile; fileRef = C25204E014FCAF3700904942 /* HelpController.m */; };
		C25204E714FCAF4B00904942 /* SettingController.m in Sources */ = {isa = PBXBuildFile; fileRef = C25204E514FCAF4B00904942 /* SettingController.m */; };
		C25204E814FCAF4B00904942 /* SettingController.xib in Resources */ = {isa = PBXBuildFile; fileRef = C25204E614FCAF4B00904942 /* SettingController.xib */; };
		C25204EC14FCBD6D00904942 /* SettingsManager.m in Sources */ = {isa = PBXBuildFile; fileRef = C25204EB14FCBD6D00904942 /* SettingsManager.m */; };
		C25204EF14FCBDFD00904942 /* RecordManager.m in Sources */ = {isa = PBXBuildFile; fileRef = C25204EE14FCBDFD00904942 /* RecordManager.m */; };
		C252050214FDC82F00904942 /* RecordCell.m in Sources */ = {isa = PBXBuildFile; fileRef = C252050114FDC82E00904942 /* RecordCell.m */; };
		C252050414FDC88200904942 /* RecordCell.xib in Resources */ = {isa = PBXBuildFile; fileRef = C252050314FDC88100904942 /* RecordCell.xib */; };
		C252050714FDCE3A00904942 /* Record.m in Sources */ = {isa = PBXBuildFile; fileRef = C252050614FDCE3A00904942 /* Record.m */; };
		C252050B14FDD83500904942 /* TimeUtils.m in Sources */ = {isa = PBXBuildFile; fileRef = C252050A14FDD83500904942 /* TimeUtils.m */; };
		C252050E14FDE04800904942 /* MessageManager.m in Sources */ = {isa = PBXBuildFile; fileRef = C252050D14FDE04800904942 /* MessageManager.m */; };
		C252051814FF78A100904942 /* attacking.png in Resources */ = {isa = PBXBuildFile; fileRef = C252051314FF78A100904942 /* attacking.png */; };
		C252051914FF78A100904942 /* defending.png in Resources */ = {isa = PBXBuildFile; fileRef = C252051414FF78A100904942 /* defending.png */; };
		C252051A14FF78A100904942 /* exposing.png in Resources */ = {isa = PBXBuildFile; fileRef = C252051514FF78A100904942 /* exposing.png */; };
		C252051B14FF78A100904942 /* heart.png in Resources */ = {isa = PBXBuildFile; fileRef = C252051614FF78A100904942 /* heart.png */; };
		C252051C14FF78A100904942 /* warning.png in Resources */ = {isa = PBXBuildFile; fileRef = C252051714FF78A100904942 /* warning.png */; };
		C25205741504603700904942 /* ready.png in Resources */ = {isa = PBXBuildFile; fileRef = C25205731504603700904942 /* ready.png */; };
		C25205771504674D00904942 /* fight.png in Resources */ = {isa = PBXBuildFile; fileRef = C25205761504674D00904942 /* fight.png */; };
		C2E3A4E114FB207A00EBFFC1 /* UIKit.framework in Frameworks */ = {isa = PBXBuildFile; fileRef = C2E3A4E014FB207A00EBFFC1 /* UIKit.framework */; };
		C2E3A4E314FB207A00EBFFC1 /* Foundation.framework in Frameworks */ = {isa = PBXBuildFile; fileRef = C2E3A4E214FB207A00EBFFC1 /* Foundation.framework */; };
		C2E3A4E514FB207A00EBFFC1 /* CoreGraphics.framework in Frameworks */ = {isa = PBXBuildFile; fileRef = C2E3A4E414FB207A00EBFFC1 /* CoreGraphics.framework */; };
		C2E3A4E714FB207A00EBFFC1 /* CoreData.framework in Frameworks */ = {isa = PBXBuildFile; fileRef = C2E3A4E614FB207A00EBFFC1 /* CoreData.framework */; };
		C2E3A4ED14FB207A00EBFFC1 /* InfoPlist.strings in Resources */ = {isa = PBXBuildFile; fileRef = C2E3A4EB14FB207A00EBFFC1 /* InfoPlist.strings */; };
		C2E3A4EF14FB207A00EBFFC1 /* main.m in Sources */ = {isa = PBXBuildFile; fileRef = C2E3A4EE14FB207A00EBFFC1 /* main.m */; };
		C2E3A4F314FB207A00EBFFC1 /* SKAppDelegate.m in Sources */ = {isa = PBXBuildFile; fileRef = C2E3A4F214FB207A00EBFFC1 /* SKAppDelegate.m */; };
		C2E3A4F614FB207A00EBFFC1 /* Shuriken.xcdatamodeld in Sources */ = {isa = PBXBuildFile; fileRef = C2E3A4F414FB207A00EBFFC1 /* Shuriken.xcdatamodeld */; };
		C2E3A4FE14FB207A00EBFFC1 /* SenTestingKit.framework in Frameworks */ = {isa = PBXBuildFile; fileRef = C2E3A4FD14FB207A00EBFFC1 /* SenTestingKit.framework */; };
		C2E3A4FF14FB207A00EBFFC1 /* UIKit.framework in Frameworks */ = {isa = PBXBuildFile; fileRef = C2E3A4E014FB207A00EBFFC1 /* UIKit.framework */; };
		C2E3A50014FB207A00EBFFC1 /* Foundation.framework in Frameworks */ = {isa = PBXBuildFile; fileRef = C2E3A4E214FB207A00EBFFC1 /* Foundation.framework */; };
		C2E3A50114FB207A00EBFFC1 /* CoreData.framework in Frameworks */ = {isa = PBXBuildFile; fileRef = C2E3A4E614FB207A00EBFFC1 /* CoreData.framework */; };
		C2E3A50914FB207A00EBFFC1 /* InfoPlist.strings in Resources */ = {isa = PBXBuildFile; fileRef = C2E3A50714FB207A00EBFFC1 /* InfoPlist.strings */; };
		C2E3A50C14FB207A00EBFFC1 /* ShurikenTests.m in Sources */ = {isa = PBXBuildFile; fileRef = C2E3A50B14FB207A00EBFFC1 /* ShurikenTests.m */; };
		C2E3A51D14FB231700EBFFC1 /* EntryController.m in Sources */ = {isa = PBXBuildFile; fileRef = C2E3A51714FB231700EBFFC1 /* EntryController.m */; };
		C2E3A52A14FB237100EBFFC1 /* SKCommonBlueToothService.m in Sources */ = {isa = PBXBuildFile; fileRef = C2E3A52214FB237100EBFFC1 /* SKCommonBlueToothService.m */; };
		C2E3A52B14FB237100EBFFC1 /* SKCommonGameCenterService.m in Sources */ = {isa = PBXBuildFile; fileRef = C2E3A52414FB237100EBFFC1 /* SKCommonGameCenterService.m */; };
		C2E3A52C14FB237100EBFFC1 /* SKCommonMultiPlayerService.m in Sources */ = {isa = PBXBuildFile; fileRef = C2E3A52614FB237100EBFFC1 /* SKCommonMultiPlayerService.m */; };
		C2E3A52D14FB237100EBFFC1 /* AnimationManager.m in Sources */ = {isa = PBXBuildFile; fileRef = C2E3A52914FB237100EBFFC1 /* AnimationManager.m */; };
		C2E3A52F14FB241900EBFFC1 /* QuartzCore.framework in Frameworks */ = {isa = PBXBuildFile; fileRef = C2E3A52E14FB241900EBFFC1 /* QuartzCore.framework */; };
		C2E3A53114FB242200EBFFC1 /* AudioToolbox.framework in Frameworks */ = {isa = PBXBuildFile; fileRef = C2E3A53014FB242200EBFFC1 /* AudioToolbox.framework */; };
		C2E3A53314FB242B00EBFFC1 /* GameKit.framework in Frameworks */ = {isa = PBXBuildFile; fileRef = C2E3A53214FB242B00EBFFC1 /* GameKit.framework */; };
		C2E3A53B14FB555200EBFFC1 /* GameController.m in Sources */ = {isa = PBXBuildFile; fileRef = C2E3A53914FB555200EBFFC1 /* GameController.m */; };
		C2E3A53C14FB555200EBFFC1 /* GameController.xib in Resources */ = {isa = PBXBuildFile; fileRef = C2E3A53A14FB555200EBFFC1 /* GameController.xib */; };
		C2E3A54014FB597200EBFFC1 /* feibiao.png in Resources */ = {isa = PBXBuildFile; fileRef = C2E3A53E14FB597200EBFFC1 /* feibiao.png */; };
		C2E3A54114FB597200EBFFC1 /* shield.png in Resources */ = {isa = PBXBuildFile; fileRef = C2E3A53F14FB597200EBFFC1 /* shield.png */; };
		C2E3A54714FB785900EBFFC1 /* brokenShield.png in Resources */ = {isa = PBXBuildFile; fileRef = C2E3A54614FB785900EBFFC1 /* brokenShield.png */; };
		C2E4D36E15201C96009CCF91 /* Localizable.strings in Resources */ = {isa = PBXBuildFile; fileRef = C2E4D36C15201C96009CCF91 /* Localizable.strings */; };
		C2E4D37115201CAD009CCF91 /* Localizable.strings in Resources */ = {isa = PBXBuildFile; fileRef = C2E4D36C15201C96009CCF91 /* Localizable.strings */; };
		C2E4D372152066A2009CCF91 /* HelpView.xib in Resources */ = {isa = PBXBuildFile; fileRef = C2E4D374152066A2009CCF91 /* HelpView.xib */; };
		C2E4D377152072B2009CCF91 /* HelpController.xib in Resources */ = {isa = PBXBuildFile; fileRef = C2E4D379152072B2009CCF91 /* HelpController.xib */; };
		C2E9857C150F177E0032A76B /* fzkatjw.ttf in Resources */ = {isa = PBXBuildFile; fileRef = C2E9857B150F177E0032A76B /* fzkatjw.ttf */; };
		C2E985AD151073380032A76B /* blueblood1@2x.png in Resources */ = {isa = PBXBuildFile; fileRef = C2E98599151073380032A76B /* blueblood1@2x.png */; };
		C2E985AE151073380032A76B /* blueblood2@2x.png in Resources */ = {isa = PBXBuildFile; fileRef = C2E9859A151073380032A76B /* blueblood2@2x.png */; };
		C2E985AF151073380032A76B /* blueblood3@2x.png in Resources */ = {isa = PBXBuildFile; fileRef = C2E9859B151073380032A76B /* blueblood3@2x.png */; };
		C2E985B0151073380032A76B /* blueblood4@2x.png in Resources */ = {isa = PBXBuildFile; fileRef = C2E9859C151073380032A76B /* blueblood4@2x.png */; };
		C2E985B1151073380032A76B /* blueblood5@2x.png in Resources */ = {isa = PBXBuildFile; fileRef = C2E9859D151073380032A76B /* blueblood5@2x.png */; };
		C2E985B2151073380032A76B /* blueblood6@2x.png in Resources */ = {isa = PBXBuildFile; fileRef = C2E9859E151073380032A76B /* blueblood6@2x.png */; };
		C2E985B3151073380032A76B /* blueblood7@2x.png in Resources */ = {isa = PBXBuildFile; fileRef = C2E9859F151073380032A76B /* blueblood7@2x.png */; };
		C2E985B4151073380032A76B /* blueblood8@2x.png in Resources */ = {isa = PBXBuildFile; fileRef = C2E985A0151073380032A76B /* blueblood8@2x.png */; };
		C2E985B5151073380032A76B /* blueblood9@2x.png in Resources */ = {isa = PBXBuildFile; fileRef = C2E985A1151073380032A76B /* blueblood9@2x.png */; };
		C2E985B6151073380032A76B /* blueblood10@2x.png in Resources */ = {isa = PBXBuildFile; fileRef = C2E985A2151073380032A76B /* blueblood10@2x.png */; };
		C2E985B7151073380032A76B /* redblood1@2x.png in Resources */ = {isa = PBXBuildFile; fileRef = C2E985A3151073380032A76B /* redblood1@2x.png */; };
		C2E985B8151073380032A76B /* redblood2@2x.png in Resources */ = {isa = PBXBuildFile; fileRef = C2E985A4151073380032A76B /* redblood2@2x.png */; };
		C2E985B9151073380032A76B /* redblood3@2x.png in Resources */ = {isa = PBXBuildFile; fileRef = C2E985A5151073380032A76B /* redblood3@2x.png */; };
		C2E985BA151073380032A76B /* redblood4@2x.png in Resources */ = {isa = PBXBuildFile; fileRef = C2E985A6151073380032A76B /* redblood4@2x.png */; };
		C2E985BB151073380032A76B /* redblood5@2x.png in Resources */ = {isa = PBXBuildFile; fileRef = C2E985A7151073380032A76B /* redblood5@2x.png */; };
		C2E985BC151073380032A76B /* redblood6@2x.png in Resources */ = {isa = PBXBuildFile; fileRef = C2E985A8151073380032A76B /* redblood6@2x.png */; };
		C2E985BD151073380032A76B /* redblood7@2x.png in Resources */ = {isa = PBXBuildFile; fileRef = C2E985A9151073380032A76B /* redblood7@2x.png */; };
		C2E985BE151073380032A76B /* redblood8@2x.png in Resources */ = {isa = PBXBuildFile; fileRef = C2E985AA151073380032A76B /* redblood8@2x.png */; };
		C2E985BF151073380032A76B /* redblood9@2x.png in Resources */ = {isa = PBXBuildFile; fileRef = C2E985AB151073380032A76B /* redblood9@2x.png */; };
		C2E985C0151073380032A76B /* redblood10@2x.png in Resources */ = {isa = PBXBuildFile; fileRef = C2E985AC151073380032A76B /* redblood10@2x.png */; };
		C2E985C71510736F0032A76B /* boomerang@2x.png in Resources */ = {isa = PBXBuildFile; fileRef = C2E985C11510736F0032A76B /* boomerang@2x.png */; };
		C2E985C91510736F0032A76B /* hold@2x.png in Resources */ = {isa = PBXBuildFile; fileRef = C2E985C31510736F0032A76B /* hold@2x.png */; };
		C2E985CA1510736F0032A76B /* pause@2x.png in Resources */ = {isa = PBXBuildFile; fileRef = C2E985C41510736F0032A76B /* pause@2x.png */; };
		C2E985CB1510736F0032A76B /* pauseimg@2x.png in Resources */ = {isa = PBXBuildFile; fileRef = C2E985C51510736F0032A76B /* pauseimg@2x.png */; };
		C2E985CC1510736F0032A76B /* throw@2x.png in Resources */ = {isa = PBXBuildFile; fileRef = C2E985C61510736F0032A76B /* throw@2x.png */; };
		C2E985D2151073910032A76B /* shield1@2x.png in Resources */ = {isa = PBXBuildFile; fileRef = C2E985CD1510738F0032A76B /* shield1@2x.png */; };
		C2E985D3151073910032A76B /* shield2@2x.png in Resources */ = {isa = PBXBuildFile; fileRef = C2E985CE151073900032A76B /* shield2@2x.png */; };
		C2E985D4151073910032A76B /* shield3@2x.png in Resources */ = {isa = PBXBuildFile; fileRef = C2E985CF151073900032A76B /* shield3@2x.png */; };
		C2E985D5151073910032A76B /* shield4@2x.png in Resources */ = {isa = PBXBuildFile; fileRef = C2E985D0151073900032A76B /* shield4@2x.png */; };
		C2E985E7151073AD0032A76B /* background@2x.png in Resources */ = {isa = PBXBuildFile; fileRef = C2E985D7151073AD0032A76B /* background@2x.png */; };
		C2E985E8151073AD0032A76B /* backicon@2x.png in Resources */ = {isa = PBXBuildFile; fileRef = C2E985D8151073AD0032A76B /* backicon@2x.png */; };
		C2E985E9151073AD0032A76B /* default1@2x.png in Resources */ = {isa = PBXBuildFile; fileRef = C2E985D9151073AD0032A76B /* default1@2x.png */; };
		C2E985EA151073AD0032A76B /* default2@2x.png in Resources */ = {isa = PBXBuildFile; fileRef = C2E985DA151073AD0032A76B /* default2@2x.png */; };
		C2E985EB151073AD0032A76B /* default3@2x.png in Resources */ = {isa = PBXBuildFile; fileRef = C2E985DB151073AD0032A76B /* default3@2x.png */; };
		C2E985EC151073AD0032A76B /* default4@2x.png in Resources */ = {isa = PBXBuildFile; fileRef = C2E985DC151073AD0032A76B /* default4@2x.png */; };
		C2E985ED151073AD0032A76B /* defaultmenu@2x.png in Resources */ = {isa = PBXBuildFile; fileRef = C2E985DD151073AD0032A76B /* defaultmenu@2x.png */; };
		C2E985EE151073AD0032A76B /* escape@2x.png in Resources */ = {isa = PBXBuildFile; fileRef = C2E985DE151073AD0032A76B /* escape@2x.png */; };
		C2E985EF151073AD0032A76B /* help@2x.png in Resources */ = {isa = PBXBuildFile; fileRef = C2E985DF151073AD0032A76B /* help@2x.png */; };
		C2E985F1151073AD0032A76B /* logo@2x.png in Resources */ = {isa = PBXBuildFile; fileRef = C2E985E1151073AD0032A76B /* logo@2x.png */; };
		C2E985F2151073AD0032A76B /* score@2x.png in Resources */ = {isa = PBXBuildFile; fileRef = C2E985E2151073AD0032A76B /* score@2x.png */; };
		C2E985F3151073AD0032A76B /* setting@2x.png in Resources */ = {isa = PBXBuildFile; fileRef = C2E985E3151073AD0032A76B /* setting@2x.png */; };
		C2E985F4151073AD0032A76B /* subbackground@2x.png in Resources */ = {isa = PBXBuildFile; fileRef = C2E985E4151073AD0032A76B /* subbackground@2x.png */; };
		C2E985F5151073AD0032A76B /* submiticon@2x.png in Resources */ = {isa = PBXBuildFile; fileRef = C2E985E5151073AD0032A76B /* submiticon@2x.png */; };
		C2E985F81510782C0032A76B /* default@2x.png in Resources */ = {isa = PBXBuildFile; fileRef = C2E985F71510782C0032A76B /* default@2x.png */; };
		C2E985FC1511CFA70032A76B /* shieldSmall@2x.png in Resources */ = {isa = PBXBuildFile; fileRef = C2E985F91511CFA50032A76B /* shieldSmall@2x.png */; };
		C2E985FD1511CFA70032A76B /* shurikenSmall@2x.png in Resources */ = {isa = PBXBuildFile; fileRef = C2E985FA1511CFA60032A76B /* shurikenSmall@2x.png */; };
		C2E985FE1511CFA70032A76B /* waiting.png in Resources */ = {isa = PBXBuildFile; fileRef = C2E985FB1511CFA60032A76B /* waiting.png */; };
		C2E98607151217070032A76B /* icon@2x.png in Resources */ = {isa = PBXBuildFile; fileRef = C2E985FF151217000032A76B /* icon@2x.png */; };
		C2E98608151217070032A76B /* input@2x.png in Resources */ = {isa = PBXBuildFile; fileRef = C2E98600151217010032A76B /* input@2x.png */; };
		C2E98609151217070032A76B /* longinput@2x.png in Resources */ = {isa = PBXBuildFile; fileRef = C2E98601151217020032A76B /* longinput@2x.png */; };
		C2E9860A151217070032A76B /* lose@2x.png in Resources */ = {isa = PBXBuildFile; fileRef = C2E98602151217030032A76B /* lose@2x.png */; };
		C2E9860B151217070032A76B /* off@2x.png in Resources */ = {isa = PBXBuildFile; fileRef = C2E98603151217030032A76B /* off@2x.png */; };
		C2E9860C151217070032A76B /* on@2x.png in Resources */ = {isa = PBXBuildFile; fileRef = C2E98604151217040032A76B /* on@2x.png */; };
		C2E9860D151217070032A76B /* poupbackground@2x.png in Resources */ = {isa = PBXBuildFile; fileRef = C2E98605151217050032A76B /* poupbackground@2x.png */; };
		C2E9860E151217070032A76B /* win@2x.png in Resources */ = {isa = PBXBuildFile; fileRef = C2E98606151217060032A76B /* win@2x.png */; };
		C2E986141512EF370032A76B /* HGQuadCurveMenu.m in Sources */ = {isa = PBXBuildFile; fileRef = C2E986111512EF370032A76B /* HGQuadCurveMenu.m */; };
		C2E986151512EF370032A76B /* HGQuadCurveMenuItem.m in Sources */ = {isa = PBXBuildFile; fileRef = C2E986131512EF370032A76B /* HGQuadCurveMenuItem.m */; };
		C2E986181513283C0032A76B /* HelpView.m in Sources */ = {isa = PBXBuildFile; fileRef = C2E98617151328390032A76B /* HelpView.m */; };
		C2E9861D151328760032A76B /* SettingView.m in Sources */ = {isa = PBXBuildFile; fileRef = C2E9861C151328730032A76B /* SettingView.m */; };
		C2E9861F151328AA0032A76B /* SettingView.xib in Resources */ = {isa = PBXBuildFile; fileRef = C2E9861E151328A80032A76B /* SettingView.xib */; };
		C2E98621151328C90032A76B /* FinishView.xib in Resources */ = {isa = PBXBuildFile; fileRef = C2E98620151328C70032A76B /* FinishView.xib */; };
		C2E98624151328F60032A76B /* FinishView.m in Sources */ = {isa = PBXBuildFile; fileRef = C2E98623151328F40032A76B /* FinishView.m */; };
		C2E9862E1516D2070032A76B /* CustomLabelUtil.m in Sources */ = {isa = PBXBuildFile; fileRef = C2E9862D1516D2070032A76B /* CustomLabelUtil.m */; };
		C2E98631151A26020032A76B /* Weapon.m in Sources */ = {isa = PBXBuildFile; fileRef = C2E98630151A26020032A76B /* Weapon.m */; };
		C2E98634151A261D0032A76B /* Shield.m in Sources */ = {isa = PBXBuildFile; fileRef = C2E98633151A261D0032A76B /* Shield.m */; };
		C2E98637151A272E0032A76B /* Player.m in Sources */ = {isa = PBXBuildFile; fileRef = C2E98636151A272D0032A76B /* Player.m */; };
		C2FBBB4C15070A9800A016F3 /* get_hurt.wav in Resources */ = {isa = PBXBuildFile; fileRef = C2FBBB4915070A9800A016F3 /* get_hurt.wav */; };
		C2FBBB4D15070A9800A016F3 /* hit_shield.wav in Resources */ = {isa = PBXBuildFile; fileRef = C2FBBB4A15070A9800A016F3 /* hit_shield.wav */; };
		C2FBBB4E15070A9800A016F3 /* shuriken_sound.wav in Resources */ = {isa = PBXBuildFile; fileRef = C2FBBB4B15070A9800A016F3 /* shuriken_sound.wav */; };
		CA3221C2152015470039A384 /* FontLabel.m in Sources */ = {isa = PBXBuildFile; fileRef = CA3221B8152015470039A384 /* FontLabel.m */; };
		CA3221C3152015470039A384 /* FontLabelStringDrawing.m in Sources */ = {isa = PBXBuildFile; fileRef = CA3221BA152015470039A384 /* FontLabelStringDrawing.m */; };
		CA3221C4152015470039A384 /* FontManager.m in Sources */ = {isa = PBXBuildFile; fileRef = CA3221BC152015470039A384 /* FontManager.m */; };
		CA3221C5152015470039A384 /* ZAttributedString.m in Sources */ = {isa = PBXBuildFile; fileRef = CA3221BE152015470039A384 /* ZAttributedString.m */; };
		CA3221C6152015470039A384 /* ZFont.m in Sources */ = {isa = PBXBuildFile; fileRef = CA3221C1152015470039A384 /* ZFont.m */; };
/* End PBXBuildFile section */

/* Begin PBXContainerItemProxy section */
		C2E3A50214FB207A00EBFFC1 /* PBXContainerItemProxy */ = {
			isa = PBXContainerItemProxy;
			containerPortal = C2E3A4D314FB207900EBFFC1 /* Project object */;
			proxyType = 1;
			remoteGlobalIDString = C2E3A4DB14FB207A00EBFFC1;
			remoteInfo = Shuriken;
		};
/* End PBXContainerItemProxy section */

/* Begin PBXFileReference section */
		C206DA9F1506119700C8C76B /* SKCommonAudioManager.h */ = {isa = PBXFileReference; fileEncoding = 4; lastKnownFileType = sourcecode.c.h; path = SKCommonAudioManager.h; sourceTree = "<group>"; };
		C206DAA01506119700C8C76B /* SKCommonAudioManager.m */ = {isa = PBXFileReference; fileEncoding = 4; lastKnownFileType = sourcecode.c.objc; path = SKCommonAudioManager.m; sourceTree = "<group>"; };
		C206DAA815061B1A00C8C76B /* AVFoundation.framework */ = {isa = PBXFileReference; lastKnownFileType = wrapper.framework; name = AVFoundation.framework; path = System/Library/Frameworks/AVFoundation.framework; sourceTree = SDKROOT; };
		C25204D414FCAD5E00904942 /* EntryController.xib */ = {isa = PBXFileReference; lastKnownFileType = file.xib; path = EntryController.xib; sourceTree = "<group>"; };
		C25204DA14FCAF1800904942 /* RecordController.h */ = {isa = PBXFileReference; fileEncoding = 4; lastKnownFileType = sourcecode.c.h; path = RecordController.h; sourceTree = "<group>"; };
		C25204DB14FCAF1800904942 /* RecordController.m */ = {isa = PBXFileReference; fileEncoding = 4; lastKnownFileType = sourcecode.c.objc; path = RecordController.m; sourceTree = "<group>"; };
		C25204DC14FCAF1800904942 /* RecordController.xib */ = {isa = PBXFileReference; fileEncoding = 4; lastKnownFileType = file.xib; path = RecordController.xib; sourceTree = "<group>"; };
		C25204DF14FCAF3700904942 /* HelpController.h */ = {isa = PBXFileReference; fileEncoding = 4; lastKnownFileType = sourcecode.c.h; path = HelpController.h; sourceTree = "<group>"; };
		C25204E014FCAF3700904942 /* HelpController.m */ = {isa = PBXFileReference; fileEncoding = 4; lastKnownFileType = sourcecode.c.objc; path = HelpController.m; sourceTree = "<group>"; };
		C25204E414FCAF4B00904942 /* SettingController.h */ = {isa = PBXFileReference; fileEncoding = 4; lastKnownFileType = sourcecode.c.h; path = SettingController.h; sourceTree = "<group>"; };
		C25204E514FCAF4B00904942 /* SettingController.m */ = {isa = PBXFileReference; fileEncoding = 4; lastKnownFileType = sourcecode.c.objc; path = SettingController.m; sourceTree = "<group>"; };
		C25204E614FCAF4B00904942 /* SettingController.xib */ = {isa = PBXFileReference; fileEncoding = 4; lastKnownFileType = file.xib; path = SettingController.xib; sourceTree = "<group>"; };
		C25204EA14FCBD6D00904942 /* SettingsManager.h */ = {isa = PBXFileReference; fileEncoding = 4; lastKnownFileType = sourcecode.c.h; path = SettingsManager.h; sourceTree = "<group>"; };
		C25204EB14FCBD6D00904942 /* SettingsManager.m */ = {isa = PBXFileReference; fileEncoding = 4; lastKnownFileType = sourcecode.c.objc; path = SettingsManager.m; sourceTree = "<group>"; };
		C25204ED14FCBDFD00904942 /* RecordManager.h */ = {isa = PBXFileReference; fileEncoding = 4; lastKnownFileType = sourcecode.c.h; path = RecordManager.h; sourceTree = "<group>"; };
		C25204EE14FCBDFD00904942 /* RecordManager.m */ = {isa = PBXFileReference; fileEncoding = 4; lastKnownFileType = sourcecode.c.objc; path = RecordManager.m; sourceTree = "<group>"; };
		C252050014FDC82E00904942 /* RecordCell.h */ = {isa = PBXFileReference; fileEncoding = 4; lastKnownFileType = sourcecode.c.h; path = RecordCell.h; sourceTree = "<group>"; };
		C252050114FDC82E00904942 /* RecordCell.m */ = {isa = PBXFileReference; fileEncoding = 4; lastKnownFileType = sourcecode.c.objc; path = RecordCell.m; sourceTree = "<group>"; };
		C252050314FDC88100904942 /* RecordCell.xib */ = {isa = PBXFileReference; fileEncoding = 4; lastKnownFileType = file.xib; path = RecordCell.xib; sourceTree = "<group>"; };
		C252050514FDCE3A00904942 /* Record.h */ = {isa = PBXFileReference; fileEncoding = 4; lastKnownFileType = sourcecode.c.h; path = Record.h; sourceTree = "<group>"; };
		C252050614FDCE3A00904942 /* Record.m */ = {isa = PBXFileReference; fileEncoding = 4; lastKnownFileType = sourcecode.c.objc; path = Record.m; sourceTree = "<group>"; };
		C252050914FDD83500904942 /* TimeUtils.h */ = {isa = PBXFileReference; fileEncoding = 4; lastKnownFileType = sourcecode.c.h; path = TimeUtils.h; sourceTree = "<group>"; };
		C252050A14FDD83500904942 /* TimeUtils.m */ = {isa = PBXFileReference; fileEncoding = 4; lastKnownFileType = sourcecode.c.objc; path = TimeUtils.m; sourceTree = "<group>"; };
		C252050C14FDE04800904942 /* MessageManager.h */ = {isa = PBXFileReference; fileEncoding = 4; lastKnownFileType = sourcecode.c.h; path = MessageManager.h; sourceTree = "<group>"; };
		C252050D14FDE04800904942 /* MessageManager.m */ = {isa = PBXFileReference; fileEncoding = 4; lastKnownFileType = sourcecode.c.objc; path = MessageManager.m; sourceTree = "<group>"; };
		C252051314FF78A100904942 /* attacking.png */ = {isa = PBXFileReference; lastKnownFileType = image.png; path = attacking.png; sourceTree = "<group>"; };
		C252051414FF78A100904942 /* defending.png */ = {isa = PBXFileReference; lastKnownFileType = image.png; path = defending.png; sourceTree = "<group>"; };
		C252051514FF78A100904942 /* exposing.png */ = {isa = PBXFileReference; lastKnownFileType = image.png; path = exposing.png; sourceTree = "<group>"; };
		C252051614FF78A100904942 /* heart.png */ = {isa = PBXFileReference; lastKnownFileType = image.png; path = heart.png; sourceTree = "<group>"; };
		C252051714FF78A100904942 /* warning.png */ = {isa = PBXFileReference; lastKnownFileType = image.png; path = warning.png; sourceTree = "<group>"; };
		C25205731504603700904942 /* ready.png */ = {isa = PBXFileReference; lastKnownFileType = image.png; path = ready.png; sourceTree = "<group>"; };
		C25205761504674D00904942 /* fight.png */ = {isa = PBXFileReference; lastKnownFileType = image.png; path = fight.png; sourceTree = "<group>"; };
		C2E3A4DC14FB207A00EBFFC1 /* Shuriken.app */ = {isa = PBXFileReference; explicitFileType = wrapper.application; includeInIndex = 0; path = Shuriken.app; sourceTree = BUILT_PRODUCTS_DIR; };
		C2E3A4E014FB207A00EBFFC1 /* UIKit.framework */ = {isa = PBXFileReference; lastKnownFileType = wrapper.framework; name = UIKit.framework; path = System/Library/Frameworks/UIKit.framework; sourceTree = SDKROOT; };
		C2E3A4E214FB207A00EBFFC1 /* Foundation.framework */ = {isa = PBXFileReference; lastKnownFileType = wrapper.framework; name = Foundation.framework; path = System/Library/Frameworks/Foundation.framework; sourceTree = SDKROOT; };
		C2E3A4E414FB207A00EBFFC1 /* CoreGraphics.framework */ = {isa = PBXFileReference; lastKnownFileType = wrapper.framework; name = CoreGraphics.framework; path = System/Library/Frameworks/CoreGraphics.framework; sourceTree = SDKROOT; };
		C2E3A4E614FB207A00EBFFC1 /* CoreData.framework */ = {isa = PBXFileReference; lastKnownFileType = wrapper.framework; name = CoreData.framework; path = System/Library/Frameworks/CoreData.framework; sourceTree = SDKROOT; };
		C2E3A4EA14FB207A00EBFFC1 /* Shuriken-Info.plist */ = {isa = PBXFileReference; lastKnownFileType = text.plist.xml; path = "Shuriken-Info.plist"; sourceTree = "<group>"; };
		C2E3A4EC14FB207A00EBFFC1 /* en */ = {isa = PBXFileReference; lastKnownFileType = text.plist.strings; name = en; path = en.lproj/InfoPlist.strings; sourceTree = "<group>"; };
		C2E3A4EE14FB207A00EBFFC1 /* main.m */ = {isa = PBXFileReference; lastKnownFileType = sourcecode.c.objc; path = main.m; sourceTree = "<group>"; };
		C2E3A4F014FB207A00EBFFC1 /* Shuriken-Prefix.pch */ = {isa = PBXFileReference; lastKnownFileType = sourcecode.c.h; path = "Shuriken-Prefix.pch"; sourceTree = "<group>"; };
		C2E3A4F114FB207A00EBFFC1 /* SKAppDelegate.h */ = {isa = PBXFileReference; lastKnownFileType = sourcecode.c.h; path = SKAppDelegate.h; sourceTree = "<group>"; };
		C2E3A4F214FB207A00EBFFC1 /* SKAppDelegate.m */ = {isa = PBXFileReference; lastKnownFileType = sourcecode.c.objc; path = SKAppDelegate.m; sourceTree = "<group>"; };
		C2E3A4F514FB207A00EBFFC1 /* Shuriken.xcdatamodel */ = {isa = PBXFileReference; lastKnownFileType = wrapper.xcdatamodel; path = Shuriken.xcdatamodel; sourceTree = "<group>"; };
		C2E3A4FC14FB207A00EBFFC1 /* ShurikenTests.octest */ = {isa = PBXFileReference; explicitFileType = wrapper.cfbundle; includeInIndex = 0; path = ShurikenTests.octest; sourceTree = BUILT_PRODUCTS_DIR; };
		C2E3A4FD14FB207A00EBFFC1 /* SenTestingKit.framework */ = {isa = PBXFileReference; lastKnownFileType = wrapper.framework; name = SenTestingKit.framework; path = Library/Frameworks/SenTestingKit.framework; sourceTree = DEVELOPER_DIR; };
		C2E3A50614FB207A00EBFFC1 /* ShurikenTests-Info.plist */ = {isa = PBXFileReference; lastKnownFileType = text.plist.xml; path = "ShurikenTests-Info.plist"; sourceTree = "<group>"; };
		C2E3A50814FB207A00EBFFC1 /* en */ = {isa = PBXFileReference; lastKnownFileType = text.plist.strings; name = en; path = en.lproj/InfoPlist.strings; sourceTree = "<group>"; };
		C2E3A50A14FB207A00EBFFC1 /* ShurikenTests.h */ = {isa = PBXFileReference; lastKnownFileType = sourcecode.c.h; path = ShurikenTests.h; sourceTree = "<group>"; };
		C2E3A50B14FB207A00EBFFC1 /* ShurikenTests.m */ = {isa = PBXFileReference; lastKnownFileType = sourcecode.c.objc; path = ShurikenTests.m; sourceTree = "<group>"; };
		C2E3A51714FB231700EBFFC1 /* EntryController.m */ = {isa = PBXFileReference; fileEncoding = 4; lastKnownFileType = sourcecode.c.objc; path = EntryController.m; sourceTree = "<group>"; };
		C2E3A51A14FB231700EBFFC1 /* EntryController.h */ = {isa = PBXFileReference; fileEncoding = 4; lastKnownFileType = sourcecode.c.h; path = EntryController.h; sourceTree = "<group>"; };
		C2E3A52114FB237100EBFFC1 /* SKCommonBlueToothService.h */ = {isa = PBXFileReference; fileEncoding = 4; lastKnownFileType = sourcecode.c.h; path = SKCommonBlueToothService.h; sourceTree = "<group>"; };
		C2E3A52214FB237100EBFFC1 /* SKCommonBlueToothService.m */ = {isa = PBXFileReference; fileEncoding = 4; lastKnownFileType = sourcecode.c.objc; path = SKCommonBlueToothService.m; sourceTree = "<group>"; };
		C2E3A52314FB237100EBFFC1 /* SKCommonGameCenterService.h */ = {isa = PBXFileReference; fileEncoding = 4; lastKnownFileType = sourcecode.c.h; path = SKCommonGameCenterService.h; sourceTree = "<group>"; };
		C2E3A52414FB237100EBFFC1 /* SKCommonGameCenterService.m */ = {isa = PBXFileReference; fileEncoding = 4; lastKnownFileType = sourcecode.c.objc; path = SKCommonGameCenterService.m; sourceTree = "<group>"; };
		C2E3A52514FB237100EBFFC1 /* SKCommonMultiPlayerService.h */ = {isa = PBXFileReference; fileEncoding = 4; lastKnownFileType = sourcecode.c.h; path = SKCommonMultiPlayerService.h; sourceTree = "<group>"; };
		C2E3A52614FB237100EBFFC1 /* SKCommonMultiPlayerService.m */ = {isa = PBXFileReference; fileEncoding = 4; lastKnownFileType = sourcecode.c.objc; path = SKCommonMultiPlayerService.m; sourceTree = "<group>"; };
		C2E3A52814FB237100EBFFC1 /* AnimationManager.h */ = {isa = PBXFileReference; fileEncoding = 4; lastKnownFileType = sourcecode.c.h; path = AnimationManager.h; sourceTree = "<group>"; };
		C2E3A52914FB237100EBFFC1 /* AnimationManager.m */ = {isa = PBXFileReference; fileEncoding = 4; lastKnownFileType = sourcecode.c.objc; path = AnimationManager.m; sourceTree = "<group>"; };
		C2E3A52E14FB241900EBFFC1 /* QuartzCore.framework */ = {isa = PBXFileReference; lastKnownFileType = wrapper.framework; name = QuartzCore.framework; path = System/Library/Frameworks/QuartzCore.framework; sourceTree = SDKROOT; };
		C2E3A53014FB242200EBFFC1 /* AudioToolbox.framework */ = {isa = PBXFileReference; lastKnownFileType = wrapper.framework; name = AudioToolbox.framework; path = System/Library/Frameworks/AudioToolbox.framework; sourceTree = SDKROOT; };
		C2E3A53214FB242B00EBFFC1 /* GameKit.framework */ = {isa = PBXFileReference; lastKnownFileType = wrapper.framework; name = GameKit.framework; path = System/Library/Frameworks/GameKit.framework; sourceTree = SDKROOT; };
		C2E3A53814FB555100EBFFC1 /* GameController.h */ = {isa = PBXFileReference; fileEncoding = 4; lastKnownFileType = sourcecode.c.h; path = GameController.h; sourceTree = "<group>"; };
		C2E3A53914FB555200EBFFC1 /* GameController.m */ = {isa = PBXFileReference; fileEncoding = 4; lastKnownFileType = sourcecode.c.objc; path = GameController.m; sourceTree = "<group>"; };
		C2E3A53A14FB555200EBFFC1 /* GameController.xib */ = {isa = PBXFileReference; fileEncoding = 4; lastKnownFileType = file.xib; path = GameController.xib; sourceTree = "<group>"; };
		C2E3A53E14FB597200EBFFC1 /* feibiao.png */ = {isa = PBXFileReference; lastKnownFileType = image.png; path = feibiao.png; sourceTree = "<group>"; };
		C2E3A53F14FB597200EBFFC1 /* shield.png */ = {isa = PBXFileReference; lastKnownFileType = image.png; path = shield.png; sourceTree = "<group>"; };
		C2E3A54614FB785900EBFFC1 /* brokenShield.png */ = {isa = PBXFileReference; lastKnownFileType = image.png; path = brokenShield.png; sourceTree = "<group>"; };
		C2E4D36D15201C96009CCF91 /* zh-Hans */ = {isa = PBXFileReference; lastKnownFileType = text.plist.strings; name = "zh-Hans"; path = "zh-Hans.lproj/Localizable.strings"; sourceTree = "<group>"; };
		C2E4D37015201CAD009CCF91 /* en */ = {isa = PBXFileReference; lastKnownFileType = text.plist.strings; name = en; path = en.lproj/Localizable.strings; sourceTree = "<group>"; };
		C2E4D373152066A2009CCF91 /* en */ = {isa = PBXFileReference; lastKnownFileType = file.xib; name = en; path = en.lproj/HelpView.xib; sourceTree = "<group>"; };
		C2E4D3761520712C009CCF91 /* zh-Hans */ = {isa = PBXFileReference; lastKnownFileType = file.xib; name = "zh-Hans"; path = "zh-Hans.lproj/HelpView.xib"; sourceTree = "<group>"; };
		C2E4D378152072B2009CCF91 /* en */ = {isa = PBXFileReference; lastKnownFileType = file.xib; name = en; path = en.lproj/HelpController.xib; sourceTree = "<group>"; };
		C2E4D37A152072BB009CCF91 /* zh-Hans */ = {isa = PBXFileReference; lastKnownFileType = file.xib; name = "zh-Hans"; path = "zh-Hans.lproj/HelpController.xib"; sourceTree = "<group>"; };
		C2E9857B150F177E0032A76B /* fzkatjw.ttf */ = {isa = PBXFileReference; lastKnownFileType = file; path = fzkatjw.ttf; sourceTree = "<group>"; };
		C2E98599151073380032A76B /* blueblood1@2x.png */ = {isa = PBXFileReference; lastKnownFileType = image.png; path = "blueblood1@2x.png"; sourceTree = "<group>"; };
		C2E9859A151073380032A76B /* blueblood2@2x.png */ = {isa = PBXFileReference; lastKnownFileType = image.png; path = "blueblood2@2x.png"; sourceTree = "<group>"; };
		C2E9859B151073380032A76B /* blueblood3@2x.png */ = {isa = PBXFileReference; lastKnownFileType = image.png; path = "blueblood3@2x.png"; sourceTree = "<group>"; };
		C2E9859C151073380032A76B /* blueblood4@2x.png */ = {isa = PBXFileReference; lastKnownFileType = image.png; path = "blueblood4@2x.png"; sourceTree = "<group>"; };
		C2E9859D151073380032A76B /* blueblood5@2x.png */ = {isa = PBXFileReference; lastKnownFileType = image.png; path = "blueblood5@2x.png"; sourceTree = "<group>"; };
		C2E9859E151073380032A76B /* blueblood6@2x.png */ = {isa = PBXFileReference; lastKnownFileType = image.png; path = "blueblood6@2x.png"; sourceTree = "<group>"; };
		C2E9859F151073380032A76B /* blueblood7@2x.png */ = {isa = PBXFileReference; lastKnownFileType = image.png; path = "blueblood7@2x.png"; sourceTree = "<group>"; };
		C2E985A0151073380032A76B /* blueblood8@2x.png */ = {isa = PBXFileReference; lastKnownFileType = image.png; path = "blueblood8@2x.png"; sourceTree = "<group>"; };
		C2E985A1151073380032A76B /* blueblood9@2x.png */ = {isa = PBXFileReference; lastKnownFileType = image.png; path = "blueblood9@2x.png"; sourceTree = "<group>"; };
		C2E985A2151073380032A76B /* blueblood10@2x.png */ = {isa = PBXFileReference; lastKnownFileType = image.png; path = "blueblood10@2x.png"; sourceTree = "<group>"; };
		C2E985A3151073380032A76B /* redblood1@2x.png */ = {isa = PBXFileReference; lastKnownFileType = image.png; path = "redblood1@2x.png"; sourceTree = "<group>"; };
		C2E985A4151073380032A76B /* redblood2@2x.png */ = {isa = PBXFileReference; lastKnownFileType = image.png; path = "redblood2@2x.png"; sourceTree = "<group>"; };
		C2E985A5151073380032A76B /* redblood3@2x.png */ = {isa = PBXFileReference; lastKnownFileType = image.png; path = "redblood3@2x.png"; sourceTree = "<group>"; };
		C2E985A6151073380032A76B /* redblood4@2x.png */ = {isa = PBXFileReference; lastKnownFileType = image.png; path = "redblood4@2x.png"; sourceTree = "<group>"; };
		C2E985A7151073380032A76B /* redblood5@2x.png */ = {isa = PBXFileReference; lastKnownFileType = image.png; path = "redblood5@2x.png"; sourceTree = "<group>"; };
		C2E985A8151073380032A76B /* redblood6@2x.png */ = {isa = PBXFileReference; lastKnownFileType = image.png; path = "redblood6@2x.png"; sourceTree = "<group>"; };
		C2E985A9151073380032A76B /* redblood7@2x.png */ = {isa = PBXFileReference; lastKnownFileType = image.png; path = "redblood7@2x.png"; sourceTree = "<group>"; };
		C2E985AA151073380032A76B /* redblood8@2x.png */ = {isa = PBXFileReference; lastKnownFileType = image.png; path = "redblood8@2x.png"; sourceTree = "<group>"; };
		C2E985AB151073380032A76B /* redblood9@2x.png */ = {isa = PBXFileReference; lastKnownFileType = image.png; path = "redblood9@2x.png"; sourceTree = "<group>"; };
		C2E985AC151073380032A76B /* redblood10@2x.png */ = {isa = PBXFileReference; lastKnownFileType = image.png; path = "redblood10@2x.png"; sourceTree = "<group>"; };
		C2E985C11510736F0032A76B /* boomerang@2x.png */ = {isa = PBXFileReference; lastKnownFileType = image.png; path = "boomerang@2x.png"; sourceTree = "<group>"; };
		C2E985C31510736F0032A76B /* hold@2x.png */ = {isa = PBXFileReference; lastKnownFileType = image.png; path = "hold@2x.png"; sourceTree = "<group>"; };
		C2E985C41510736F0032A76B /* pause@2x.png */ = {isa = PBXFileReference; lastKnownFileType = image.png; path = "pause@2x.png"; sourceTree = "<group>"; };
		C2E985C51510736F0032A76B /* pauseimg@2x.png */ = {isa = PBXFileReference; lastKnownFileType = image.png; path = "pauseimg@2x.png"; sourceTree = "<group>"; };
		C2E985C61510736F0032A76B /* throw@2x.png */ = {isa = PBXFileReference; lastKnownFileType = image.png; path = "throw@2x.png"; sourceTree = "<group>"; };
		C2E985CD1510738F0032A76B /* shield1@2x.png */ = {isa = PBXFileReference; lastKnownFileType = image.png; path = "shield1@2x.png"; sourceTree = "<group>"; };
		C2E985CE151073900032A76B /* shield2@2x.png */ = {isa = PBXFileReference; lastKnownFileType = image.png; path = "shield2@2x.png"; sourceTree = "<group>"; };
		C2E985CF151073900032A76B /* shield3@2x.png */ = {isa = PBXFileReference; lastKnownFileType = image.png; path = "shield3@2x.png"; sourceTree = "<group>"; };
		C2E985D0151073900032A76B /* shield4@2x.png */ = {isa = PBXFileReference; lastKnownFileType = image.png; path = "shield4@2x.png"; sourceTree = "<group>"; };
		C2E985D7151073AD0032A76B /* background@2x.png */ = {isa = PBXFileReference; lastKnownFileType = image.png; path = "background@2x.png"; sourceTree = "<group>"; };
		C2E985D8151073AD0032A76B /* backicon@2x.png */ = {isa = PBXFileReference; lastKnownFileType = image.png; path = "backicon@2x.png"; sourceTree = "<group>"; };
		C2E985D9151073AD0032A76B /* default1@2x.png */ = {isa = PBXFileReference; lastKnownFileType = image.png; path = "default1@2x.png"; sourceTree = "<group>"; };
		C2E985DA151073AD0032A76B /* default2@2x.png */ = {isa = PBXFileReference; lastKnownFileType = image.png; path = "default2@2x.png"; sourceTree = "<group>"; };
		C2E985DB151073AD0032A76B /* default3@2x.png */ = {isa = PBXFileReference; lastKnownFileType = image.png; path = "default3@2x.png"; sourceTree = "<group>"; };
		C2E985DC151073AD0032A76B /* default4@2x.png */ = {isa = PBXFileReference; lastKnownFileType = image.png; path = "default4@2x.png"; sourceTree = "<group>"; };
		C2E985DD151073AD0032A76B /* defaultmenu@2x.png */ = {isa = PBXFileReference; lastKnownFileType = image.png; path = "defaultmenu@2x.png"; sourceTree = "<group>"; };
		C2E985DE151073AD0032A76B /* escape@2x.png */ = {isa = PBXFileReference; lastKnownFileType = image.png; path = "escape@2x.png"; sourceTree = "<group>"; };
		C2E985DF151073AD0032A76B /* help@2x.png */ = {isa = PBXFileReference; lastKnownFileType = image.png; path = "help@2x.png"; sourceTree = "<group>"; };
		C2E985E1151073AD0032A76B /* logo@2x.png */ = {isa = PBXFileReference; lastKnownFileType = image.png; path = "logo@2x.png"; sourceTree = "<group>"; };
		C2E985E2151073AD0032A76B /* score@2x.png */ = {isa = PBXFileReference; lastKnownFileType = image.png; path = "score@2x.png"; sourceTree = "<group>"; };
		C2E985E3151073AD0032A76B /* setting@2x.png */ = {isa = PBXFileReference; lastKnownFileType = image.png; path = "setting@2x.png"; sourceTree = "<group>"; };
		C2E985E4151073AD0032A76B /* subbackground@2x.png */ = {isa = PBXFileReference; lastKnownFileType = image.png; path = "subbackground@2x.png"; sourceTree = "<group>"; };
		C2E985E5151073AD0032A76B /* submiticon@2x.png */ = {isa = PBXFileReference; lastKnownFileType = image.png; path = "submiticon@2x.png"; sourceTree = "<group>"; };
		C2E985F71510782C0032A76B /* default@2x.png */ = {isa = PBXFileReference; lastKnownFileType = image.png; path = "default@2x.png"; sourceTree = "<group>"; };
		C2E985F91511CFA50032A76B /* shieldSmall@2x.png */ = {isa = PBXFileReference; lastKnownFileType = image.png; path = "shieldSmall@2x.png"; sourceTree = "<group>"; };
		C2E985FA1511CFA60032A76B /* shurikenSmall@2x.png */ = {isa = PBXFileReference; lastKnownFileType = image.png; path = "shurikenSmall@2x.png"; sourceTree = "<group>"; };
		C2E985FB1511CFA60032A76B /* waiting.png */ = {isa = PBXFileReference; lastKnownFileType = image.png; path = waiting.png; sourceTree = "<group>"; };
		C2E985FF151217000032A76B /* icon@2x.png */ = {isa = PBXFileReference; lastKnownFileType = image.png; path = "icon@2x.png"; sourceTree = "<group>"; };
		C2E98600151217010032A76B /* input@2x.png */ = {isa = PBXFileReference; lastKnownFileType = image.png; path = "input@2x.png"; sourceTree = "<group>"; };
		C2E98601151217020032A76B /* longinput@2x.png */ = {isa = PBXFileReference; lastKnownFileType = image.png; path = "longinput@2x.png"; sourceTree = "<group>"; };
		C2E98602151217030032A76B /* lose@2x.png */ = {isa = PBXFileReference; lastKnownFileType = image.png; path = "lose@2x.png"; sourceTree = "<group>"; };
		C2E98603151217030032A76B /* off@2x.png */ = {isa = PBXFileReference; lastKnownFileType = image.png; path = "off@2x.png"; sourceTree = "<group>"; };
		C2E98604151217040032A76B /* on@2x.png */ = {isa = PBXFileReference; lastKnownFileType = image.png; path = "on@2x.png"; sourceTree = "<group>"; };
		C2E98605151217050032A76B /* poupbackground@2x.png */ = {isa = PBXFileReference; lastKnownFileType = image.png; path = "poupbackground@2x.png"; sourceTree = "<group>"; };
		C2E98606151217060032A76B /* win@2x.png */ = {isa = PBXFileReference; lastKnownFileType = image.png; path = "win@2x.png"; sourceTree = "<group>"; };
		C2E986101512EF370032A76B /* HGQuadCurveMenu.h */ = {isa = PBXFileReference; fileEncoding = 4; lastKnownFileType = sourcecode.c.h; path = HGQuadCurveMenu.h; sourceTree = "<group>"; };
		C2E986111512EF370032A76B /* HGQuadCurveMenu.m */ = {isa = PBXFileReference; fileEncoding = 4; lastKnownFileType = sourcecode.c.objc; path = HGQuadCurveMenu.m; sourceTree = "<group>"; };
		C2E986121512EF370032A76B /* HGQuadCurveMenuItem.h */ = {isa = PBXFileReference; fileEncoding = 4; lastKnownFileType = sourcecode.c.h; path = HGQuadCurveMenuItem.h; sourceTree = "<group>"; };
		C2E986131512EF370032A76B /* HGQuadCurveMenuItem.m */ = {isa = PBXFileReference; fileEncoding = 4; lastKnownFileType = sourcecode.c.objc; path = HGQuadCurveMenuItem.m; sourceTree = "<group>"; };
		C2E98616151328370032A76B /* HelpView.h */ = {isa = PBXFileReference; fileEncoding = 4; lastKnownFileType = sourcecode.c.h; path = HelpView.h; sourceTree = "<group>"; };
		C2E98617151328390032A76B /* HelpView.m */ = {isa = PBXFileReference; fileEncoding = 4; lastKnownFileType = sourcecode.c.objc; path = HelpView.m; sourceTree = "<group>"; };
		C2E9861B151328710032A76B /* SettingView.h */ = {isa = PBXFileReference; fileEncoding = 4; lastKnownFileType = sourcecode.c.h; path = SettingView.h; sourceTree = "<group>"; };
		C2E9861C151328730032A76B /* SettingView.m */ = {isa = PBXFileReference; fileEncoding = 4; lastKnownFileType = sourcecode.c.objc; path = SettingView.m; sourceTree = "<group>"; };
		C2E9861E151328A80032A76B /* SettingView.xib */ = {isa = PBXFileReference; fileEncoding = 4; lastKnownFileType = file.xib; path = SettingView.xib; sourceTree = "<group>"; };
		C2E98620151328C70032A76B /* FinishView.xib */ = {isa = PBXFileReference; fileEncoding = 4; lastKnownFileType = file.xib; path = FinishView.xib; sourceTree = "<group>"; };
		C2E98622151328F10032A76B /* FinishView.h */ = {isa = PBXFileReference; fileEncoding = 4; lastKnownFileType = sourcecode.c.h; path = FinishView.h; sourceTree = "<group>"; };
		C2E98623151328F40032A76B /* FinishView.m */ = {isa = PBXFileReference; fileEncoding = 4; lastKnownFileType = sourcecode.c.objc; path = FinishView.m; sourceTree = "<group>"; };
		C2E9862C1516D2070032A76B /* CustomLabelUtil.h */ = {isa = PBXFileReference; fileEncoding = 4; lastKnownFileType = sourcecode.c.h; path = CustomLabelUtil.h; sourceTree = "<group>"; };
		C2E9862D1516D2070032A76B /* CustomLabelUtil.m */ = {isa = PBXFileReference; fileEncoding = 4; lastKnownFileType = sourcecode.c.objc; path = CustomLabelUtil.m; sourceTree = "<group>"; };
		C2E9862F151A26020032A76B /* Weapon.h */ = {isa = PBXFileReference; fileEncoding = 4; lastKnownFileType = sourcecode.c.h; path = Weapon.h; sourceTree = "<group>"; };
		C2E98630151A26020032A76B /* Weapon.m */ = {isa = PBXFileReference; fileEncoding = 4; lastKnownFileType = sourcecode.c.objc; path = Weapon.m; sourceTree = "<group>"; };
		C2E98632151A261D0032A76B /* Shield.h */ = {isa = PBXFileReference; fileEncoding = 4; lastKnownFileType = sourcecode.c.h; path = Shield.h; sourceTree = "<group>"; };
		C2E98633151A261D0032A76B /* Shield.m */ = {isa = PBXFileReference; fileEncoding = 4; lastKnownFileType = sourcecode.c.objc; path = Shield.m; sourceTree = "<group>"; };
		C2E98635151A272D0032A76B /* Player.h */ = {isa = PBXFileReference; fileEncoding = 4; lastKnownFileType = sourcecode.c.h; path = Player.h; sourceTree = "<group>"; };
		C2E98636151A272D0032A76B /* Player.m */ = {isa = PBXFileReference; fileEncoding = 4; lastKnownFileType = sourcecode.c.objc; path = Player.m; sourceTree = "<group>"; };
		C2FBBB4915070A9800A016F3 /* get_hurt.wav */ = {isa = PBXFileReference; lastKnownFileType = audio.wav; path = get_hurt.wav; sourceTree = "<group>"; };
		C2FBBB4A15070A9800A016F3 /* hit_shield.wav */ = {isa = PBXFileReference; lastKnownFileType = audio.wav; path = hit_shield.wav; sourceTree = "<group>"; };
		C2FBBB4B15070A9800A016F3 /* shuriken_sound.wav */ = {isa = PBXFileReference; lastKnownFileType = audio.wav; path = shuriken_sound.wav; sourceTree = "<group>"; };
		CA3221B7152015470039A384 /* FontLabel.h */ = {isa = PBXFileReference; fileEncoding = 4; lastKnownFileType = sourcecode.c.h; path = FontLabel.h; sourceTree = "<group>"; };
		CA3221B8152015470039A384 /* FontLabel.m */ = {isa = PBXFileReference; fileEncoding = 4; lastKnownFileType = sourcecode.c.objc; path = FontLabel.m; sourceTree = "<group>"; };
		CA3221B9152015470039A384 /* FontLabelStringDrawing.h */ = {isa = PBXFileReference; fileEncoding = 4; lastKnownFileType = sourcecode.c.h; path = FontLabelStringDrawing.h; sourceTree = "<group>"; };
		CA3221BA152015470039A384 /* FontLabelStringDrawing.m */ = {isa = PBXFileReference; fileEncoding = 4; lastKnownFileType = sourcecode.c.objc; path = FontLabelStringDrawing.m; sourceTree = "<group>"; };
		CA3221BB152015470039A384 /* FontManager.h */ = {isa = PBXFileReference; fileEncoding = 4; lastKnownFileType = sourcecode.c.h; path = FontManager.h; sourceTree = "<group>"; };
		CA3221BC152015470039A384 /* FontManager.m */ = {isa = PBXFileReference; fileEncoding = 4; lastKnownFileType = sourcecode.c.objc; path = FontManager.m; sourceTree = "<group>"; };
		CA3221BD152015470039A384 /* ZAttributedString.h */ = {isa = PBXFileReference; fileEncoding = 4; lastKnownFileType = sourcecode.c.h; path = ZAttributedString.h; sourceTree = "<group>"; };
		CA3221BE152015470039A384 /* ZAttributedString.m */ = {isa = PBXFileReference; fileEncoding = 4; lastKnownFileType = sourcecode.c.objc; path = ZAttributedString.m; sourceTree = "<group>"; };
		CA3221BF152015470039A384 /* ZAttributedStringPrivate.h */ = {isa = PBXFileReference; fileEncoding = 4; lastKnownFileType = sourcecode.c.h; path = ZAttributedStringPrivate.h; sourceTree = "<group>"; };
		CA3221C0152015470039A384 /* ZFont.h */ = {isa = PBXFileReference; fileEncoding = 4; lastKnownFileType = sourcecode.c.h; path = ZFont.h; sourceTree = "<group>"; };
		CA3221C1152015470039A384 /* ZFont.m */ = {isa = PBXFileReference; fileEncoding = 4; lastKnownFileType = sourcecode.c.objc; path = ZFont.m; sourceTree = "<group>"; };
/* End PBXFileReference section */

/* Begin PBXFrameworksBuildPhase section */
		C2E3A4D914FB207A00EBFFC1 /* Frameworks */ = {
			isa = PBXFrameworksBuildPhase;
			buildActionMask = 2147483647;
			files = (
				C206DAA915061B1A00C8C76B /* AVFoundation.framework in Frameworks */,
				C2E3A53314FB242B00EBFFC1 /* GameKit.framework in Frameworks */,
				C2E3A53114FB242200EBFFC1 /* AudioToolbox.framework in Frameworks */,
				C2E3A52F14FB241900EBFFC1 /* QuartzCore.framework in Frameworks */,
				C2E3A4E114FB207A00EBFFC1 /* UIKit.framework in Frameworks */,
				C2E3A4E314FB207A00EBFFC1 /* Foundation.framework in Frameworks */,
				C2E3A4E514FB207A00EBFFC1 /* CoreGraphics.framework in Frameworks */,
				C2E3A4E714FB207A00EBFFC1 /* CoreData.framework in Frameworks */,
			);
			runOnlyForDeploymentPostprocessing = 0;
		};
		C2E3A4F814FB207A00EBFFC1 /* Frameworks */ = {
			isa = PBXFrameworksBuildPhase;
			buildActionMask = 2147483647;
			files = (
				C2E3A4FE14FB207A00EBFFC1 /* SenTestingKit.framework in Frameworks */,
				C2E3A4FF14FB207A00EBFFC1 /* UIKit.framework in Frameworks */,
				C2E3A50014FB207A00EBFFC1 /* Foundation.framework in Frameworks */,
				C2E3A50114FB207A00EBFFC1 /* CoreData.framework in Frameworks */,
			);
			runOnlyForDeploymentPostprocessing = 0;
		};
/* End PBXFrameworksBuildPhase section */

/* Begin PBXGroup section */
		C206DA9E1506116E00C8C76B /* Sound */ = {
			isa = PBXGroup;
			children = (
				C206DA9F1506119700C8C76B /* SKCommonAudioManager.h */,
				C206DAA01506119700C8C76B /* SKCommonAudioManager.m */,
			);
			name = Sound;
			path = SKCommon/Sound;
			sourceTree = SOURCE_ROOT;
		};
		C25204E914FCBD3C00904942 /* Manager */ = {
			isa = PBXGroup;
			children = (
				C25204EA14FCBD6D00904942 /* SettingsManager.h */,
				C25204EB14FCBD6D00904942 /* SettingsManager.m */,
				C25204ED14FCBDFD00904942 /* RecordManager.h */,
				C25204EE14FCBDFD00904942 /* RecordManager.m */,
				C252050C14FDE04800904942 /* MessageManager.h */,
				C252050D14FDE04800904942 /* MessageManager.m */,
			);
			name = Manager;
			sourceTree = "<group>";
		};
		C25204F014FCBE6000904942 /* Model */ = {
			isa = PBXGroup;
			children = (
				C252050514FDCE3A00904942 /* Record.h */,
				C252050614FDCE3A00904942 /* Record.m */,
				C2E9862F151A26020032A76B /* Weapon.h */,
				C2E98630151A26020032A76B /* Weapon.m */,
				C2E98632151A261D0032A76B /* Shield.h */,
				C2E98633151A261D0032A76B /* Shield.m */,
				C2E98635151A272D0032A76B /* Player.h */,
				C2E98636151A272D0032A76B /* Player.m */,
			);
			name = Model;
			sourceTree = "<group>";
		};
		C252050814FDD83500904942 /* Date */ = {
			isa = PBXGroup;
			children = (
				C252050914FDD83500904942 /* TimeUtils.h */,
				C252050A14FDD83500904942 /* TimeUtils.m */,
			);
			name = Date;
			path = "../../Common_iPhone_20/Core/Core-Utils-Misc/Date";
			sourceTree = "<group>";
		};
		C2E3A4D114FB207900EBFFC1 = {
			isa = PBXGroup;
			children = (
				C2E3A4E814FB207A00EBFFC1 /* Shuriken */,
				C2E3A50414FB207A00EBFFC1 /* ShurikenTests */,
				C2E3A4DF14FB207A00EBFFC1 /* Frameworks */,
				C2E3A4DD14FB207A00EBFFC1 /* Products */,
			);
			sourceTree = "<group>";
		};
		C2E3A4DD14FB207A00EBFFC1 /* Products */ = {
			isa = PBXGroup;
			children = (
				C2E3A4DC14FB207A00EBFFC1 /* Shuriken.app */,
				C2E3A4FC14FB207A00EBFFC1 /* ShurikenTests.octest */,
			);
			name = Products;
			sourceTree = "<group>";
		};
		C2E3A4DF14FB207A00EBFFC1 /* Frameworks */ = {
			isa = PBXGroup;
			children = (
				C206DAA815061B1A00C8C76B /* AVFoundation.framework */,
				C2E3A53214FB242B00EBFFC1 /* GameKit.framework */,
				C2E3A53014FB242200EBFFC1 /* AudioToolbox.framework */,
				C2E3A52E14FB241900EBFFC1 /* QuartzCore.framework */,
				C2E3A4E014FB207A00EBFFC1 /* UIKit.framework */,
				C2E3A4E214FB207A00EBFFC1 /* Foundation.framework */,
				C2E3A4E414FB207A00EBFFC1 /* CoreGraphics.framework */,
				C2E3A4E614FB207A00EBFFC1 /* CoreData.framework */,
				C2E3A4FD14FB207A00EBFFC1 /* SenTestingKit.framework */,
			);
			name = Frameworks;
			sourceTree = "<group>";
		};
		C2E3A4E814FB207A00EBFFC1 /* Shuriken */ = {
			isa = PBXGroup;
			children = (
				C2E986251516CEC40032A76B /* Utils */,
				C2E9860F1512EF350032A76B /* 3PP */,
				C252050814FDD83500904942 /* Date */,
				C25204F014FCBE6000904942 /* Model */,
				C25204E914FCBD3C00904942 /* Manager */,
				C2E3A53814FB555100EBFFC1 /* GameController.h */,
				C2E3A53914FB555200EBFFC1 /* GameController.m */,
				C2E3A53A14FB555200EBFFC1 /* GameController.xib */,
				C2E3A51A14FB231700EBFFC1 /* EntryController.h */,
				C2E3A51714FB231700EBFFC1 /* EntryController.m */,
				C25204D414FCAD5E00904942 /* EntryController.xib */,
				C2E3A4F114FB207A00EBFFC1 /* SKAppDelegate.h */,
				C2E3A4F214FB207A00EBFFC1 /* SKAppDelegate.m */,
				C2E3A4F414FB207A00EBFFC1 /* Shuriken.xcdatamodeld */,
				C2E3A53D14FB597200EBFFC1 /* Resource */,
				C2E3A51F14FB234100EBFFC1 /* SKCommon */,
				C2E3A4E914FB207A00EBFFC1 /* Supporting Files */,
				C25204DA14FCAF1800904942 /* RecordController.h */,
				C25204DB14FCAF1800904942 /* RecordController.m */,
				C25204DC14FCAF1800904942 /* RecordController.xib */,
				C25204DF14FCAF3700904942 /* HelpController.h */,
				C25204E014FCAF3700904942 /* HelpController.m */,
				C2E4D379152072B2009CCF91 /* HelpController.xib */,
				C25204E414FCAF4B00904942 /* SettingController.h */,
				C25204E514FCAF4B00904942 /* SettingController.m */,
				C25204E614FCAF4B00904942 /* SettingController.xib */,
				C252050014FDC82E00904942 /* RecordCell.h */,
				C252050114FDC82E00904942 /* RecordCell.m */,
				C252050314FDC88100904942 /* RecordCell.xib */,
				C2E98616151328370032A76B /* HelpView.h */,
				C2E98617151328390032A76B /* HelpView.m */,
				C2E4D374152066A2009CCF91 /* HelpView.xib */,
				C2E9861B151328710032A76B /* SettingView.h */,
				C2E9861C151328730032A76B /* SettingView.m */,
				C2E9861E151328A80032A76B /* SettingView.xib */,
				C2E98622151328F10032A76B /* FinishView.h */,
				C2E98623151328F40032A76B /* FinishView.m */,
				C2E98620151328C70032A76B /* FinishView.xib */,
			);
			path = Shuriken;
			sourceTree = "<group>";
		};
		C2E3A4E914FB207A00EBFFC1 /* Supporting Files */ = {
			isa = PBXGroup;
			children = (
				C2E4D36C15201C96009CCF91 /* Localizable.strings */,
				C2E3A4EA14FB207A00EBFFC1 /* Shuriken-Info.plist */,
				C2E3A4EB14FB207A00EBFFC1 /* InfoPlist.strings */,
				C2E3A4EE14FB207A00EBFFC1 /* main.m */,
				C2E3A4F014FB207A00EBFFC1 /* Shuriken-Prefix.pch */,
			);
			name = "Supporting Files";
			sourceTree = "<group>";
		};
		C2E3A50414FB207A00EBFFC1 /* ShurikenTests */ = {
			isa = PBXGroup;
			children = (
				C2E3A50A14FB207A00EBFFC1 /* ShurikenTests.h */,
				C2E3A50B14FB207A00EBFFC1 /* ShurikenTests.m */,
				C2E3A50514FB207A00EBFFC1 /* Supporting Files */,
			);
			path = ShurikenTests;
			sourceTree = "<group>";
		};
		C2E3A50514FB207A00EBFFC1 /* Supporting Files */ = {
			isa = PBXGroup;
			children = (
				C2E3A50614FB207A00EBFFC1 /* ShurikenTests-Info.plist */,
				C2E3A50714FB207A00EBFFC1 /* InfoPlist.strings */,
			);
			name = "Supporting Files";
			sourceTree = "<group>";
		};
		C2E3A51F14FB234100EBFFC1 /* SKCommon */ = {
			isa = PBXGroup;
			children = (
				C206DA9E1506116E00C8C76B /* Sound */,
				C2E3A52014FB237100EBFFC1 /* MultiPlayerService */,
				C2E3A52714FB237100EBFFC1 /* Animation */,
			);
			name = SKCommon;
			sourceTree = "<group>";
		};
		C2E3A52014FB237100EBFFC1 /* MultiPlayerService */ = {
			isa = PBXGroup;
			children = (
				C2E3A52114FB237100EBFFC1 /* SKCommonBlueToothService.h */,
				C2E3A52214FB237100EBFFC1 /* SKCommonBlueToothService.m */,
				C2E3A52314FB237100EBFFC1 /* SKCommonGameCenterService.h */,
				C2E3A52414FB237100EBFFC1 /* SKCommonGameCenterService.m */,
				C2E3A52514FB237100EBFFC1 /* SKCommonMultiPlayerService.h */,
				C2E3A52614FB237100EBFFC1 /* SKCommonMultiPlayerService.m */,
			);
			name = MultiPlayerService;
			path = SKCommon/MultiPlayerService;
			sourceTree = SOURCE_ROOT;
		};
		C2E3A52714FB237100EBFFC1 /* Animation */ = {
			isa = PBXGroup;
			children = (
				C2E3A52814FB237100EBFFC1 /* AnimationManager.h */,
				C2E3A52914FB237100EBFFC1 /* AnimationManager.m */,
			);
			name = Animation;
			path = SKCommon/Animation;
			sourceTree = SOURCE_ROOT;
		};
		C2E3A53D14FB597200EBFFC1 /* Resource */ = {
			isa = PBXGroup;
			children = (
				C2E98598151072F60032A76B /* Entry */,
				C2E98597151072EC0032A76B /* battleField */,
				C2E98596151072E30032A76B /* bloods */,
				C2E9857B150F177E0032A76B /* fzkatjw.ttf */,
				C2FBBB4915070A9800A016F3 /* get_hurt.wav */,
				C2FBBB4A15070A9800A016F3 /* hit_shield.wav */,
				C2FBBB4B15070A9800A016F3 /* shuriken_sound.wav */,
				C25205761504674D00904942 /* fight.png */,
				C25205731504603700904942 /* ready.png */,
				C252051314FF78A100904942 /* attacking.png */,
				C252051414FF78A100904942 /* defending.png */,
				C252051514FF78A100904942 /* exposing.png */,
				C252051614FF78A100904942 /* heart.png */,
				C252051714FF78A100904942 /* warning.png */,
				C2E3A54614FB785900EBFFC1 /* brokenShield.png */,
				C2E3A53E14FB597200EBFFC1 /* feibiao.png */,
				C2E3A53F14FB597200EBFFC1 /* shield.png */,
			);
			path = Resource;
			sourceTree = "<group>";
		};
		C2E98596151072E30032A76B /* bloods */ = {
			isa = PBXGroup;
			children = (
				C2E98599151073380032A76B /* blueblood1@2x.png */,
				C2E9859A151073380032A76B /* blueblood2@2x.png */,
				C2E9859B151073380032A76B /* blueblood3@2x.png */,
				C2E9859C151073380032A76B /* blueblood4@2x.png */,
				C2E9859D151073380032A76B /* blueblood5@2x.png */,
				C2E9859E151073380032A76B /* blueblood6@2x.png */,
				C2E9859F151073380032A76B /* blueblood7@2x.png */,
				C2E985A0151073380032A76B /* blueblood8@2x.png */,
				C2E985A1151073380032A76B /* blueblood9@2x.png */,
				C2E985A2151073380032A76B /* blueblood10@2x.png */,
				C2E985A3151073380032A76B /* redblood1@2x.png */,
				C2E985A4151073380032A76B /* redblood2@2x.png */,
				C2E985A5151073380032A76B /* redblood3@2x.png */,
				C2E985A6151073380032A76B /* redblood4@2x.png */,
				C2E985A7151073380032A76B /* redblood5@2x.png */,
				C2E985A8151073380032A76B /* redblood6@2x.png */,
				C2E985A9151073380032A76B /* redblood7@2x.png */,
				C2E985AA151073380032A76B /* redblood8@2x.png */,
				C2E985AB151073380032A76B /* redblood9@2x.png */,
				C2E985AC151073380032A76B /* redblood10@2x.png */,
			);
			name = bloods;
			sourceTree = "<group>";
		};
		C2E98597151072EC0032A76B /* battleField */ = {
			isa = PBXGroup;
			children = (
				C2E985F91511CFA50032A76B /* shieldSmall@2x.png */,
				C2E985FA1511CFA60032A76B /* shurikenSmall@2x.png */,
				C2E985FB1511CFA60032A76B /* waiting.png */,
				C2E985CD1510738F0032A76B /* shield1@2x.png */,
				C2E985CE151073900032A76B /* shield2@2x.png */,
				C2E985CF151073900032A76B /* shield3@2x.png */,
				C2E985D0151073900032A76B /* shield4@2x.png */,
				C2E985C11510736F0032A76B /* boomerang@2x.png */,
				C2E985C31510736F0032A76B /* hold@2x.png */,
				C2E985C41510736F0032A76B /* pause@2x.png */,
				C2E985C51510736F0032A76B /* pauseimg@2x.png */,
				C2E985C61510736F0032A76B /* throw@2x.png */,
			);
			name = battleField;
			sourceTree = "<group>";
		};
		C2E98598151072F60032A76B /* Entry */ = {
			isa = PBXGroup;
			children = (
				C2E985FF151217000032A76B /* icon@2x.png */,
				C2E98600151217010032A76B /* input@2x.png */,
				C2E98601151217020032A76B /* longinput@2x.png */,
				C2E98602151217030032A76B /* lose@2x.png */,
				C2E98603151217030032A76B /* off@2x.png */,
				C2E98604151217040032A76B /* on@2x.png */,
				C2E98605151217050032A76B /* poupbackground@2x.png */,
				C2E98606151217060032A76B /* win@2x.png */,
				C2E985F71510782C0032A76B /* default@2x.png */,
				C2E985D7151073AD0032A76B /* background@2x.png */,
				C2E985D8151073AD0032A76B /* backicon@2x.png */,
				C2E985D9151073AD0032A76B /* default1@2x.png */,
				C2E985DA151073AD0032A76B /* default2@2x.png */,
				C2E985DB151073AD0032A76B /* default3@2x.png */,
				C2E985DC151073AD0032A76B /* default4@2x.png */,
				C2E985DD151073AD0032A76B /* defaultmenu@2x.png */,
				C2E985DE151073AD0032A76B /* escape@2x.png */,
				C2E985DF151073AD0032A76B /* help@2x.png */,
				C2E985E1151073AD0032A76B /* logo@2x.png */,
				C2E985E2151073AD0032A76B /* score@2x.png */,
				C2E985E3151073AD0032A76B /* setting@2x.png */,
				C2E985E4151073AD0032A76B /* subbackground@2x.png */,
				C2E985E5151073AD0032A76B /* submiticon@2x.png */,
			);
			name = Entry;
			sourceTree = "<group>";
		};
		C2E9860F1512EF350032A76B /* 3PP */ = {
			isa = PBXGroup;
			children = (
				CA3221B6152015460039A384 /* FontLabel */,
				C2E986101512EF370032A76B /* HGQuadCurveMenu.h */,
				C2E986111512EF370032A76B /* HGQuadCurveMenu.m */,
				C2E986121512EF370032A76B /* HGQuadCurveMenuItem.h */,
				C2E986131512EF370032A76B /* HGQuadCurveMenuItem.m */,
			);
			path = 3PP;
			sourceTree = SOURCE_ROOT;
		};
		C2E986251516CEC40032A76B /* Utils */ = {
			isa = PBXGroup;
			children = (
				C2E9862C1516D2070032A76B /* CustomLabelUtil.h */,
				C2E9862D1516D2070032A76B /* CustomLabelUtil.m */,
			);
			name = Utils;
			sourceTree = "<group>";
		};
		CA3221B6152015460039A384 /* FontLabel */ = {
			isa = PBXGroup;
			children = (
				CA3221B7152015470039A384 /* FontLabel.h */,
				CA3221B8152015470039A384 /* FontLabel.m */,
				CA3221B9152015470039A384 /* FontLabelStringDrawing.h */,
				CA3221BA152015470039A384 /* FontLabelStringDrawing.m */,
				CA3221BB152015470039A384 /* FontManager.h */,
				CA3221BC152015470039A384 /* FontManager.m */,
				CA3221BD152015470039A384 /* ZAttributedString.h */,
				CA3221BE152015470039A384 /* ZAttributedString.m */,
				CA3221BF152015470039A384 /* ZAttributedStringPrivate.h */,
				CA3221C0152015470039A384 /* ZFont.h */,
				CA3221C1152015470039A384 /* ZFont.m */,
			);
			name = FontLabel;
			path = "../../Common_iPhone_20/Components/Component-View/FontLabel";
			sourceTree = "<group>";
		};
/* End PBXGroup section */

/* Begin PBXNativeTarget section */
		C2E3A4DB14FB207A00EBFFC1 /* Shuriken */ = {
			isa = PBXNativeTarget;
			buildConfigurationList = C2E3A50F14FB207A00EBFFC1 /* Build configuration list for PBXNativeTarget "Shuriken" */;
			buildPhases = (
				C2E3A4D814FB207A00EBFFC1 /* Sources */,
				C2E3A4D914FB207A00EBFFC1 /* Frameworks */,
				C2E3A4DA14FB207A00EBFFC1 /* Resources */,
			);
			buildRules = (
			);
			dependencies = (
			);
			name = Shuriken;
			productName = Shuriken;
			productReference = C2E3A4DC14FB207A00EBFFC1 /* Shuriken.app */;
			productType = "com.apple.product-type.application";
		};
		C2E3A4FB14FB207A00EBFFC1 /* ShurikenTests */ = {
			isa = PBXNativeTarget;
			buildConfigurationList = C2E3A51214FB207A00EBFFC1 /* Build configuration list for PBXNativeTarget "ShurikenTests" */;
			buildPhases = (
				C2E3A4F714FB207A00EBFFC1 /* Sources */,
				C2E3A4F814FB207A00EBFFC1 /* Frameworks */,
				C2E3A4F914FB207A00EBFFC1 /* Resources */,
				C2E3A4FA14FB207A00EBFFC1 /* ShellScript */,
			);
			buildRules = (
			);
			dependencies = (
				C2E3A50314FB207A00EBFFC1 /* PBXTargetDependency */,
			);
			name = ShurikenTests;
			productName = ShurikenTests;
			productReference = C2E3A4FC14FB207A00EBFFC1 /* ShurikenTests.octest */;
			productType = "com.apple.product-type.bundle";
		};
/* End PBXNativeTarget section */

/* Begin PBXProject section */
		C2E3A4D314FB207900EBFFC1 /* Project object */ = {
			isa = PBXProject;
			attributes = {
				LastUpgradeCheck = 0420;
			};
			buildConfigurationList = C2E3A4D614FB207900EBFFC1 /* Build configuration list for PBXProject "Shuriken" */;
			compatibilityVersion = "Xcode 3.2";
			developmentRegion = English;
			hasScannedForEncodings = 0;
			knownRegions = (
				en,
				"zh-Hans",
			);
			mainGroup = C2E3A4D114FB207900EBFFC1;
			productRefGroup = C2E3A4DD14FB207A00EBFFC1 /* Products */;
			projectDirPath = "";
			projectRoot = "";
			targets = (
				C2E3A4DB14FB207A00EBFFC1 /* Shuriken */,
				C2E3A4FB14FB207A00EBFFC1 /* ShurikenTests */,
			);
		};
/* End PBXProject section */

/* Begin PBXResourcesBuildPhase section */
		C2E3A4DA14FB207A00EBFFC1 /* Resources */ = {
			isa = PBXResourcesBuildPhase;
			buildActionMask = 2147483647;
			files = (
				C2E3A4ED14FB207A00EBFFC1 /* InfoPlist.strings in Resources */,
				C25204D314FCAD5E00904942 /* EntryController.xib in Resources */,
				C2E3A53C14FB555200EBFFC1 /* GameController.xib in Resources */,
				C2E3A54014FB597200EBFFC1 /* feibiao.png in Resources */,
				C2E3A54114FB597200EBFFC1 /* shield.png in Resources */,
				C2E3A54714FB785900EBFFC1 /* brokenShield.png in Resources */,
				C25204DE14FCAF1800904942 /* RecordController.xib in Resources */,
				C2E4D377152072B2009CCF91 /* HelpController.xib in Resources */,
				C25204E814FCAF4B00904942 /* SettingController.xib in Resources */,
				C252050414FDC88200904942 /* RecordCell.xib in Resources */,
				C252051814FF78A100904942 /* attacking.png in Resources */,
				C252051914FF78A100904942 /* defending.png in Resources */,
				C252051A14FF78A100904942 /* exposing.png in Resources */,
				C252051B14FF78A100904942 /* heart.png in Resources */,
				C252051C14FF78A100904942 /* warning.png in Resources */,
				C25205741504603700904942 /* ready.png in Resources */,
				C25205771504674D00904942 /* fight.png in Resources */,
				C2FBBB4C15070A9800A016F3 /* get_hurt.wav in Resources */,
				C2FBBB4D15070A9800A016F3 /* hit_shield.wav in Resources */,
				C2FBBB4E15070A9800A016F3 /* shuriken_sound.wav in Resources */,
				C2E9857C150F177E0032A76B /* fzkatjw.ttf in Resources */,
				C2E985AD151073380032A76B /* blueblood1@2x.png in Resources */,
				C2E985AE151073380032A76B /* blueblood2@2x.png in Resources */,
				C2E985AF151073380032A76B /* blueblood3@2x.png in Resources */,
				C2E985B0151073380032A76B /* blueblood4@2x.png in Resources */,
				C2E985B1151073380032A76B /* blueblood5@2x.png in Resources */,
				C2E985B2151073380032A76B /* blueblood6@2x.png in Resources */,
				C2E985B3151073380032A76B /* blueblood7@2x.png in Resources */,
				C2E985B4151073380032A76B /* blueblood8@2x.png in Resources */,
				C2E985B5151073380032A76B /* blueblood9@2x.png in Resources */,
				C2E985B6151073380032A76B /* blueblood10@2x.png in Resources */,
				C2E985B7151073380032A76B /* redblood1@2x.png in Resources */,
				C2E985B8151073380032A76B /* redblood2@2x.png in Resources */,
				C2E985B9151073380032A76B /* redblood3@2x.png in Resources */,
				C2E985BA151073380032A76B /* redblood4@2x.png in Resources */,
				C2E985BB151073380032A76B /* redblood5@2x.png in Resources */,
				C2E985BC151073380032A76B /* redblood6@2x.png in Resources */,
				C2E985BD151073380032A76B /* redblood7@2x.png in Resources */,
				C2E985BE151073380032A76B /* redblood8@2x.png in Resources */,
				C2E985BF151073380032A76B /* redblood9@2x.png in Resources */,
				C2E985C0151073380032A76B /* redblood10@2x.png in Resources */,
				C2E985C71510736F0032A76B /* boomerang@2x.png in Resources */,
				C2E985C91510736F0032A76B /* hold@2x.png in Resources */,
				C2E985CA1510736F0032A76B /* pause@2x.png in Resources */,
				C2E985CB1510736F0032A76B /* pauseimg@2x.png in Resources */,
				C2E985CC1510736F0032A76B /* throw@2x.png in Resources */,
				C2E985D2151073910032A76B /* shield1@2x.png in Resources */,
				C2E985D3151073910032A76B /* shield2@2x.png in Resources */,
				C2E985D4151073910032A76B /* shield3@2x.png in Resources */,
				C2E985D5151073910032A76B /* shield4@2x.png in Resources */,
				C2E985E7151073AD0032A76B /* background@2x.png in Resources */,
				C2E985E8151073AD0032A76B /* backicon@2x.png in Resources */,
				C2E985E9151073AD0032A76B /* default1@2x.png in Resources */,
				C2E985EA151073AD0032A76B /* default2@2x.png in Resources */,
				C2E985EB151073AD0032A76B /* default3@2x.png in Resources */,
				C2E985EC151073AD0032A76B /* default4@2x.png in Resources */,
				C2E985ED151073AD0032A76B /* defaultmenu@2x.png in Resources */,
				C2E985EE151073AD0032A76B /* escape@2x.png in Resources */,
				C2E985EF151073AD0032A76B /* help@2x.png in Resources */,
				C2E985F1151073AD0032A76B /* logo@2x.png in Resources */,
				C2E985F2151073AD0032A76B /* score@2x.png in Resources */,
				C2E985F3151073AD0032A76B /* setting@2x.png in Resources */,
				C2E985F4151073AD0032A76B /* subbackground@2x.png in Resources */,
				C2E985F5151073AD0032A76B /* submiticon@2x.png in Resources */,
				C2E985F81510782C0032A76B /* default@2x.png in Resources */,
				C2E985FC1511CFA70032A76B /* shieldSmall@2x.png in Resources */,
				C2E985FD1511CFA70032A76B /* shurikenSmall@2x.png in Resources */,
				C2E985FE1511CFA70032A76B /* waiting.png in Resources */,
				C2E98607151217070032A76B /* icon@2x.png in Resources */,
				C2E98608151217070032A76B /* input@2x.png in Resources */,
				C2E98609151217070032A76B /* longinput@2x.png in Resources */,
				C2E9860A151217070032A76B /* lose@2x.png in Resources */,
				C2E9860B151217070032A76B /* off@2x.png in Resources */,
				C2E9860C151217070032A76B /* on@2x.png in Resources */,
				C2E9860D151217070032A76B /* poupbackground@2x.png in Resources */,
				C2E9860E151217070032A76B /* win@2x.png in Resources */,
				C2E4D372152066A2009CCF91 /* HelpView.xib in Resources */,
				C2E9861F151328AA0032A76B /* SettingView.xib in Resources */,
				C2E98621151328C90032A76B /* FinishView.xib in Resources */,
				C2E4D36E15201C96009CCF91 /* Localizable.strings in Resources */,
				C2E4D37115201CAD009CCF91 /* Localizable.strings in Resources */,
			);
			runOnlyForDeploymentPostprocessing = 0;
		};
		C2E3A4F914FB207A00EBFFC1 /* Resources */ = {
			isa = PBXResourcesBuildPhase;
			buildActionMask = 2147483647;
			files = (
				C2E3A50914FB207A00EBFFC1 /* InfoPlist.strings in Resources */,
			);
			runOnlyForDeploymentPostprocessing = 0;
		};
/* End PBXResourcesBuildPhase section */

/* Begin PBXShellScriptBuildPhase section */
		C2E3A4FA14FB207A00EBFFC1 /* ShellScript */ = {
			isa = PBXShellScriptBuildPhase;
			buildActionMask = 2147483647;
			files = (
			);
			inputPaths = (
			);
			outputPaths = (
			);
			runOnlyForDeploymentPostprocessing = 0;
			shellPath = /bin/sh;
			shellScript = "# Run the unit tests in this test bundle.\n\"${SYSTEM_DEVELOPER_DIR}/Tools/RunUnitTests\"\n";
		};
/* End PBXShellScriptBuildPhase section */

/* Begin PBXSourcesBuildPhase section */
		C2E3A4D814FB207A00EBFFC1 /* Sources */ = {
			isa = PBXSourcesBuildPhase;
			buildActionMask = 2147483647;
			files = (
				C2E3A4EF14FB207A00EBFFC1 /* main.m in Sources */,
				C2E3A4F314FB207A00EBFFC1 /* SKAppDelegate.m in Sources */,
				C2E3A4F614FB207A00EBFFC1 /* Shuriken.xcdatamodeld in Sources */,
				C2E3A51D14FB231700EBFFC1 /* EntryController.m in Sources */,
				C2E3A52A14FB237100EBFFC1 /* SKCommonBlueToothService.m in Sources */,
				C2E3A52B14FB237100EBFFC1 /* SKCommonGameCenterService.m in Sources */,
				C2E3A52C14FB237100EBFFC1 /* SKCommonMultiPlayerService.m in Sources */,
				C2E3A52D14FB237100EBFFC1 /* AnimationManager.m in Sources */,
				C2E3A53B14FB555200EBFFC1 /* GameController.m in Sources */,
				C25204DD14FCAF1800904942 /* RecordController.m in Sources */,
				C25204E214FCAF3700904942 /* HelpController.m in Sources */,
				C25204E714FCAF4B00904942 /* SettingController.m in Sources */,
				C25204EC14FCBD6D00904942 /* SettingsManager.m in Sources */,
				C25204EF14FCBDFD00904942 /* RecordManager.m in Sources */,
				C252050214FDC82F00904942 /* RecordCell.m in Sources */,
				C252050714FDCE3A00904942 /* Record.m in Sources */,
				C252050B14FDD83500904942 /* TimeUtils.m in Sources */,
				C252050E14FDE04800904942 /* MessageManager.m in Sources */,
				C206DAA11506119700C8C76B /* SKCommonAudioManager.m in Sources */,
				C2E986141512EF370032A76B /* HGQuadCurveMenu.m in Sources */,
				C2E986151512EF370032A76B /* HGQuadCurveMenuItem.m in Sources */,
				C2E986181513283C0032A76B /* HelpView.m in Sources */,
				C2E9861D151328760032A76B /* SettingView.m in Sources */,
				C2E98624151328F60032A76B /* FinishView.m in Sources */,
				C2E9862E1516D2070032A76B /* CustomLabelUtil.m in Sources */,
				C2E98631151A26020032A76B /* Weapon.m in Sources */,
				C2E98634151A261D0032A76B /* Shield.m in Sources */,
				C2E98637151A272E0032A76B /* Player.m in Sources */,
				CA3221C2152015470039A384 /* FontLabel.m in Sources */,
				CA3221C3152015470039A384 /* FontLabelStringDrawing.m in Sources */,
				CA3221C4152015470039A384 /* FontManager.m in Sources */,
				CA3221C5152015470039A384 /* ZAttributedString.m in Sources */,
				CA3221C6152015470039A384 /* ZFont.m in Sources */,
			);
			runOnlyForDeploymentPostprocessing = 0;
		};
		C2E3A4F714FB207A00EBFFC1 /* Sources */ = {
			isa = PBXSourcesBuildPhase;
			buildActionMask = 2147483647;
			files = (
				C2E3A50C14FB207A00EBFFC1 /* ShurikenTests.m in Sources */,
			);
			runOnlyForDeploymentPostprocessing = 0;
		};
/* End PBXSourcesBuildPhase section */

/* Begin PBXTargetDependency section */
		C2E3A50314FB207A00EBFFC1 /* PBXTargetDependency */ = {
			isa = PBXTargetDependency;
			target = C2E3A4DB14FB207A00EBFFC1 /* Shuriken */;
			targetProxy = C2E3A50214FB207A00EBFFC1 /* PBXContainerItemProxy */;
		};
/* End PBXTargetDependency section */

/* Begin PBXVariantGroup section */
		C2E3A4EB14FB207A00EBFFC1 /* InfoPlist.strings */ = {
			isa = PBXVariantGroup;
			children = (
				C2E3A4EC14FB207A00EBFFC1 /* en */,
			);
			name = InfoPlist.strings;
			sourceTree = "<group>";
		};
		C2E3A50714FB207A00EBFFC1 /* InfoPlist.strings */ = {
			isa = PBXVariantGroup;
			children = (
				C2E3A50814FB207A00EBFFC1 /* en */,
			);
			name = InfoPlist.strings;
			sourceTree = "<group>";
		};
		C2E4D36C15201C96009CCF91 /* Localizable.strings */ = {
			isa = PBXVariantGroup;
			children = (
				C2E4D36D15201C96009CCF91 /* zh-Hans */,
				C2E4D37015201CAD009CCF91 /* en */,
			);
			name = Localizable.strings;
			sourceTree = "<group>";
		};
		C2E4D374152066A2009CCF91 /* HelpView.xib */ = {
			isa = PBXVariantGroup;
			children = (
				C2E4D373152066A2009CCF91 /* en */,
				C2E4D3761520712C009CCF91 /* zh-Hans */,
			);
			name = HelpView.xib;
			sourceTree = "<group>";
		};
		C2E4D379152072B2009CCF91 /* HelpController.xib */ = {
			isa = PBXVariantGroup;
			children = (
				C2E4D378152072B2009CCF91 /* en */,
				C2E4D37A152072BB009CCF91 /* zh-Hans */,
			);
			name = HelpController.xib;
			sourceTree = "<group>";
		};
/* End PBXVariantGroup section */

/* Begin XCBuildConfiguration section */
		C2E3A50D14FB207A00EBFFC1 /* Debug */ = {
			isa = XCBuildConfiguration;
			buildSettings = {
				ALWAYS_SEARCH_USER_PATHS = NO;
				ARCHS = "$(ARCHS_STANDARD_32_BIT)";
				"CODE_SIGN_IDENTITY[sdk=iphoneos*]" = "iPhone Developer";
				COPY_PHASE_STRIP = NO;
				GCC_C_LANGUAGE_STANDARD = gnu99;
				GCC_DYNAMIC_NO_PIC = NO;
				GCC_OPTIMIZATION_LEVEL = 0;
				GCC_PREPROCESSOR_DEFINITIONS = (
					"DEBUG=1",
					"$(inherited)",
				);
				GCC_SYMBOLS_PRIVATE_EXTERN = NO;
				GCC_VERSION = com.apple.compilers.llvm.clang.1_0;
				GCC_WARN_ABOUT_MISSING_PROTOTYPES = YES;
				GCC_WARN_ABOUT_RETURN_TYPE = YES;
				GCC_WARN_UNUSED_VARIABLE = YES;
				IPHONEOS_DEPLOYMENT_TARGET = 4.2;
				SDKROOT = iphoneos;
			};
			name = Debug;
		};
		C2E3A50E14FB207A00EBFFC1 /* Release */ = {
			isa = XCBuildConfiguration;
			buildSettings = {
				ALWAYS_SEARCH_USER_PATHS = NO;
				ARCHS = "$(ARCHS_STANDARD_32_BIT)";
				"CODE_SIGN_IDENTITY[sdk=iphoneos*]" = "iPhone Developer";
				COPY_PHASE_STRIP = YES;
				GCC_C_LANGUAGE_STANDARD = gnu99;
				GCC_VERSION = com.apple.compilers.llvm.clang.1_0;
				GCC_WARN_ABOUT_MISSING_PROTOTYPES = YES;
				GCC_WARN_ABOUT_RETURN_TYPE = YES;
				GCC_WARN_UNUSED_VARIABLE = YES;
				IPHONEOS_DEPLOYMENT_TARGET = 4.2;
				OTHER_CFLAGS = "-DNS_BLOCK_ASSERTIONS=1";
				SDKROOT = iphoneos;
				VALIDATE_PRODUCT = YES;
			};
			name = Release;
		};
		C2E3A51014FB207A00EBFFC1 /* Debug */ = {
			isa = XCBuildConfiguration;
			buildSettings = {
				GCC_PRECOMPILE_PREFIX_HEADER = YES;
				GCC_PREFIX_HEADER = "Shuriken/Shuriken-Prefix.pch";
				INFOPLIST_FILE = "Shuriken/Shuriken-Info.plist";
				PRODUCT_NAME = "$(TARGET_NAME)";
				WRAPPER_EXTENSION = app;
			};
			name = Debug;
		};
		C2E3A51114FB207A00EBFFC1 /* Release */ = {
			isa = XCBuildConfiguration;
			buildSettings = {
				GCC_PRECOMPILE_PREFIX_HEADER = YES;
				GCC_PREFIX_HEADER = "Shuriken/Shuriken-Prefix.pch";
				INFOPLIST_FILE = "Shuriken/Shuriken-Info.plist";
				PRODUCT_NAME = "$(TARGET_NAME)";
				WRAPPER_EXTENSION = app;
			};
			name = Release;
		};
		C2E3A51314FB207A00EBFFC1 /* Debug */ = {
			isa = XCBuildConfiguration;
			buildSettings = {
				BUNDLE_LOADER = "$(BUILT_PRODUCTS_DIR)/Shuriken.app/Shuriken";
				FRAMEWORK_SEARCH_PATHS = (
					"$(SDKROOT)/Developer/Library/Frameworks",
					"$(DEVELOPER_LIBRARY_DIR)/Frameworks",
				);
				GCC_PRECOMPILE_PREFIX_HEADER = YES;
				GCC_PREFIX_HEADER = "Shuriken/Shuriken-Prefix.pch";
				INFOPLIST_FILE = "ShurikenTests/ShurikenTests-Info.plist";
				PRODUCT_NAME = "$(TARGET_NAME)";
				TEST_HOST = "$(BUNDLE_LOADER)";
				WRAPPER_EXTENSION = octest;
			};
			name = Debug;
		};
		C2E3A51414FB207A00EBFFC1 /* Release */ = {
			isa = XCBuildConfiguration;
			buildSettings = {
				BUNDLE_LOADER = "$(BUILT_PRODUCTS_DIR)/Shuriken.app/Shuriken";
				FRAMEWORK_SEARCH_PATHS = (
					"$(SDKROOT)/Developer/Library/Frameworks",
					"$(DEVELOPER_LIBRARY_DIR)/Frameworks",
				);
				GCC_PRECOMPILE_PREFIX_HEADER = YES;
				GCC_PREFIX_HEADER = "Shuriken/Shuriken-Prefix.pch";
				INFOPLIST_FILE = "ShurikenTests/ShurikenTests-Info.plist";
				PRODUCT_NAME = "$(TARGET_NAME)";
				TEST_HOST = "$(BUNDLE_LOADER)";
				WRAPPER_EXTENSION = octest;
			};
			name = Release;
		};
/* End XCBuildConfiguration section */

/* Begin XCConfigurationList section */
		C2E3A4D614FB207900EBFFC1 /* Build configuration list for PBXProject "Shuriken" */ = {
			isa = XCConfigurationList;
			buildConfigurations = (
				C2E3A50D14FB207A00EBFFC1 /* Debug */,
				C2E3A50E14FB207A00EBFFC1 /* Release */,
			);
			defaultConfigurationIsVisible = 0;
			defaultConfigurationName = Release;
		};
		C2E3A50F14FB207A00EBFFC1 /* Build configuration list for PBXNativeTarget "Shuriken" */ = {
			isa = XCConfigurationList;
			buildConfigurations = (
				C2E3A51014FB207A00EBFFC1 /* Debug */,
				C2E3A51114FB207A00EBFFC1 /* Release */,
			);
			defaultConfigurationIsVisible = 0;
			defaultConfigurationName = Release;
		};
		C2E3A51214FB207A00EBFFC1 /* Build configuration list for PBXNativeTarget "ShurikenTests" */ = {
			isa = XCConfigurationList;
			buildConfigurations = (
				C2E3A51314FB207A00EBFFC1 /* Debug */,
				C2E3A51414FB207A00EBFFC1 /* Release */,
			);
			defaultConfigurationIsVisible = 0;
			defaultConfigurationName = Release;
		};
/* End XCConfigurationList section */

/* Begin XCVersionGroup section */
		C2E3A4F414FB207A00EBFFC1 /* Shuriken.xcdatamodeld */ = {
			isa = XCVersionGroup;
			children = (
				C2E3A4F514FB207A00EBFFC1 /* Shuriken.xcdatamodel */,
			);
			currentVersion = C2E3A4F514FB207A00EBFFC1 /* Shuriken.xcdatamodel */;
			path = Shuriken.xcdatamodeld;
			sourceTree = "<group>";
			versionGroupType = wrapper.xcdatamodel;
		};
/* End XCVersionGroup section */
	};
	rootObject = C2E3A4D314FB207900EBFFC1 /* Project object */;
}
