// !$*UTF8*$!
{
	archiveVersion = 1;
	classes = {
	};
	objectVersion = 46;
	objects = {

/* Begin PBXBuildFile section */
		C29BAB7B14E66565004F5306 /* ShurikenGameController.m in Sources */ = {isa = PBXBuildFile; fileRef = C29BAB7914E66565004F5306 /* ShurikenGameController.m */; };
		C29BAB7C14E66565004F5306 /* ShurikenGameController.xib in Resources */ = {isa = PBXBuildFile; fileRef = C29BAB7A14E66565004F5306 /* ShurikenGameController.xib */; };
		C29BAB8514E667C7004F5306 /* feibiao.png in Resources */ = {isa = PBXBuildFile; fileRef = C29BAB8314E667C7004F5306 /* feibiao.png */; };
		C29BAB8614E667C7004F5306 /* shield.png in Resources */ = {isa = PBXBuildFile; fileRef = C29BAB8414E667C7004F5306 /* shield.png */; };
		C2C41AAB14E4B5CC008AEC28 /* UIKit.framework in Frameworks */ = {isa = PBXBuildFile; fileRef = C2C41AAA14E4B5CC008AEC28 /* UIKit.framework */; };
		C2C41AAD14E4B5CC008AEC28 /* Foundation.framework in Frameworks */ = {isa = PBXBuildFile; fileRef = C2C41AAC14E4B5CC008AEC28 /* Foundation.framework */; };
		C2C41AAF14E4B5CC008AEC28 /* CoreGraphics.framework in Frameworks */ = {isa = PBXBuildFile; fileRef = C2C41AAE14E4B5CC008AEC28 /* CoreGraphics.framework */; };
		C2C41AB114E4B5CC008AEC28 /* CoreData.framework in Frameworks */ = {isa = PBXBuildFile; fileRef = C2C41AB014E4B5CC008AEC28 /* CoreData.framework */; };
		C2C41AB714E4B5CC008AEC28 /* InfoPlist.strings in Resources */ = {isa = PBXBuildFile; fileRef = C2C41AB514E4B5CC008AEC28 /* InfoPlist.strings */; };
		C2C41AB914E4B5CC008AEC28 /* main.m in Sources */ = {isa = PBXBuildFile; fileRef = C2C41AB814E4B5CC008AEC28 /* main.m */; };
		C2C41ABD14E4B5CC008AEC28 /* SKAppDelegate.m in Sources */ = {isa = PBXBuildFile; fileRef = C2C41ABC14E4B5CC008AEC28 /* SKAppDelegate.m */; };
		C2C41AC014E4B5CC008AEC28 /* Shuriken.xcdatamodeld in Sources */ = {isa = PBXBuildFile; fileRef = C2C41ABE14E4B5CC008AEC28 /* Shuriken.xcdatamodeld */; };
		C2C41AC814E4B5CC008AEC28 /* SenTestingKit.framework in Frameworks */ = {isa = PBXBuildFile; fileRef = C2C41AC714E4B5CC008AEC28 /* SenTestingKit.framework */; };
		C2C41AC914E4B5CC008AEC28 /* UIKit.framework in Frameworks */ = {isa = PBXBuildFile; fileRef = C2C41AAA14E4B5CC008AEC28 /* UIKit.framework */; };
		C2C41ACA14E4B5CC008AEC28 /* Foundation.framework in Frameworks */ = {isa = PBXBuildFile; fileRef = C2C41AAC14E4B5CC008AEC28 /* Foundation.framework */; };
		C2C41ACB14E4B5CC008AEC28 /* CoreData.framework in Frameworks */ = {isa = PBXBuildFile; fileRef = C2C41AB014E4B5CC008AEC28 /* CoreData.framework */; };
		C2C41AD314E4B5CC008AEC28 /* InfoPlist.strings in Resources */ = {isa = PBXBuildFile; fileRef = C2C41AD114E4B5CC008AEC28 /* InfoPlist.strings */; };
		C2C41AD614E4B5CC008AEC28 /* ShurikenTests.m in Sources */ = {isa = PBXBuildFile; fileRef = C2C41AD514E4B5CC008AEC28 /* ShurikenTests.m */; };
		C2C41AE214E4B5EB008AEC28 /* EntryController.m in Sources */ = {isa = PBXBuildFile; fileRef = C2C41AE014E4B5EB008AEC28 /* EntryController.m */; };
		C2C41AE314E4B5EB008AEC28 /* EntryController.xib in Resources */ = {isa = PBXBuildFile; fileRef = C2C41AE114E4B5EB008AEC28 /* EntryController.xib */; };
		C2C41AE714E5087B008AEC28 /* SKCommonBlueToothService.m in Sources */ = {isa = PBXBuildFile; fileRef = C2C41AE614E5087B008AEC28 /* SKCommonBlueToothService.m */; };
		C2C41AEA14E5088F008AEC28 /* SKCommonGameCenterService.m in Sources */ = {isa = PBXBuildFile; fileRef = C2C41AE914E5088F008AEC28 /* SKCommonGameCenterService.m */; };
		C2C41AF014E508DC008AEC28 /* QuartzCore.framework in Frameworks */ = {isa = PBXBuildFile; fileRef = C2C41AEF14E508DC008AEC28 /* QuartzCore.framework */; };
		C2C41AF214E508E4008AEC28 /* GameKit.framework in Frameworks */ = {isa = PBXBuildFile; fileRef = C2C41AF114E508E4008AEC28 /* GameKit.framework */; };
		C2C41AF414E508F3008AEC28 /* AudioToolbox.framework in Frameworks */ = {isa = PBXBuildFile; fileRef = C2C41AF314E508F3008AEC28 /* AudioToolbox.framework */; };
/* End PBXBuildFile section */

/* Begin PBXContainerItemProxy section */
		C2C41ACC14E4B5CC008AEC28 /* PBXContainerItemProxy */ = {
			isa = PBXContainerItemProxy;
			containerPortal = C2C41A9D14E4B5CC008AEC28 /* Project object */;
			proxyType = 1;
			remoteGlobalIDString = C2C41AA514E4B5CC008AEC28;
			remoteInfo = Shuriken;
		};
/* End PBXContainerItemProxy section */

/* Begin PBXFileReference section */
		C29BAB7814E66565004F5306 /* ShurikenGameController.h */ = {isa = PBXFileReference; fileEncoding = 4; lastKnownFileType = sourcecode.c.h; path = ShurikenGameController.h; sourceTree = "<group>"; };
		C29BAB7914E66565004F5306 /* ShurikenGameController.m */ = {isa = PBXFileReference; fileEncoding = 4; lastKnownFileType = sourcecode.c.objc; path = ShurikenGameController.m; sourceTree = "<group>"; };
		C29BAB7A14E66565004F5306 /* ShurikenGameController.xib */ = {isa = PBXFileReference; fileEncoding = 4; lastKnownFileType = file.xib; path = ShurikenGameController.xib; sourceTree = "<group>"; };
		C29BAB8314E667C7004F5306 /* feibiao.png */ = {isa = PBXFileReference; lastKnownFileType = image.png; name = feibiao.png; path = Resource/feibiao.png; sourceTree = "<group>"; };
		C29BAB8414E667C7004F5306 /* shield.png */ = {isa = PBXFileReference; lastKnownFileType = image.png; name = shield.png; path = Resource/shield.png; sourceTree = "<group>"; };
		C2C41AA614E4B5CC008AEC28 /* Shuriken.app */ = {isa = PBXFileReference; explicitFileType = wrapper.application; includeInIndex = 0; path = Shuriken.app; sourceTree = BUILT_PRODUCTS_DIR; };
		C2C41AAA14E4B5CC008AEC28 /* UIKit.framework */ = {isa = PBXFileReference; lastKnownFileType = wrapper.framework; name = UIKit.framework; path = System/Library/Frameworks/UIKit.framework; sourceTree = SDKROOT; };
		C2C41AAC14E4B5CC008AEC28 /* Foundation.framework */ = {isa = PBXFileReference; lastKnownFileType = wrapper.framework; name = Foundation.framework; path = System/Library/Frameworks/Foundation.framework; sourceTree = SDKROOT; };
		C2C41AAE14E4B5CC008AEC28 /* CoreGraphics.framework */ = {isa = PBXFileReference; lastKnownFileType = wrapper.framework; name = CoreGraphics.framework; path = System/Library/Frameworks/CoreGraphics.framework; sourceTree = SDKROOT; };
		C2C41AB014E4B5CC008AEC28 /* CoreData.framework */ = {isa = PBXFileReference; lastKnownFileType = wrapper.framework; name = CoreData.framework; path = System/Library/Frameworks/CoreData.framework; sourceTree = SDKROOT; };
		C2C41AB414E4B5CC008AEC28 /* Shuriken-Info.plist */ = {isa = PBXFileReference; lastKnownFileType = text.plist.xml; path = "Shuriken-Info.plist"; sourceTree = "<group>"; };
		C2C41AB614E4B5CC008AEC28 /* en */ = {isa = PBXFileReference; lastKnownFileType = text.plist.strings; name = en; path = en.lproj/InfoPlist.strings; sourceTree = "<group>"; };
		C2C41AB814E4B5CC008AEC28 /* main.m */ = {isa = PBXFileReference; lastKnownFileType = sourcecode.c.objc; path = main.m; sourceTree = "<group>"; };
		C2C41ABA14E4B5CC008AEC28 /* Shuriken-Prefix.pch */ = {isa = PBXFileReference; lastKnownFileType = sourcecode.c.h; path = "Shuriken-Prefix.pch"; sourceTree = "<group>"; };
		C2C41ABB14E4B5CC008AEC28 /* SKAppDelegate.h */ = {isa = PBXFileReference; lastKnownFileType = sourcecode.c.h; path = SKAppDelegate.h; sourceTree = "<group>"; };
		C2C41ABC14E4B5CC008AEC28 /* SKAppDelegate.m */ = {isa = PBXFileReference; lastKnownFileType = sourcecode.c.objc; path = SKAppDelegate.m; sourceTree = "<group>"; };
		C2C41ABF14E4B5CC008AEC28 /* Shuriken.xcdatamodel */ = {isa = PBXFileReference; lastKnownFileType = wrapper.xcdatamodel; path = Shuriken.xcdatamodel; sourceTree = "<group>"; };
		C2C41AC614E4B5CC008AEC28 /* ShurikenTests.octest */ = {isa = PBXFileReference; explicitFileType = wrapper.cfbundle; includeInIndex = 0; path = ShurikenTests.octest; sourceTree = BUILT_PRODUCTS_DIR; };
		C2C41AC714E4B5CC008AEC28 /* SenTestingKit.framework */ = {isa = PBXFileReference; lastKnownFileType = wrapper.framework; name = SenTestingKit.framework; path = Library/Frameworks/SenTestingKit.framework; sourceTree = DEVELOPER_DIR; };
		C2C41AD014E4B5CC008AEC28 /* ShurikenTests-Info.plist */ = {isa = PBXFileReference; lastKnownFileType = text.plist.xml; path = "ShurikenTests-Info.plist"; sourceTree = "<group>"; };
		C2C41AD214E4B5CC008AEC28 /* en */ = {isa = PBXFileReference; lastKnownFileType = text.plist.strings; name = en; path = en.lproj/InfoPlist.strings; sourceTree = "<group>"; };
		C2C41AD414E4B5CC008AEC28 /* ShurikenTests.h */ = {isa = PBXFileReference; lastKnownFileType = sourcecode.c.h; path = ShurikenTests.h; sourceTree = "<group>"; };
		C2C41AD514E4B5CC008AEC28 /* ShurikenTests.m */ = {isa = PBXFileReference; lastKnownFileType = sourcecode.c.objc; path = ShurikenTests.m; sourceTree = "<group>"; };
		C2C41ADF14E4B5EB008AEC28 /* EntryController.h */ = {isa = PBXFileReference; fileEncoding = 4; lastKnownFileType = sourcecode.c.h; path = EntryController.h; sourceTree = "<group>"; };
		C2C41AE014E4B5EB008AEC28 /* EntryController.m */ = {isa = PBXFileReference; fileEncoding = 4; lastKnownFileType = sourcecode.c.objc; path = EntryController.m; sourceTree = "<group>"; };
		C2C41AE114E4B5EB008AEC28 /* EntryController.xib */ = {isa = PBXFileReference; fileEncoding = 4; lastKnownFileType = file.xib; path = EntryController.xib; sourceTree = "<group>"; };
		C2C41AE514E5087B008AEC28 /* SKCommonBlueToothService.h */ = {isa = PBXFileReference; fileEncoding = 4; lastKnownFileType = sourcecode.c.h; path = SKCommonBlueToothService.h; sourceTree = "<group>"; };
		C2C41AE614E5087B008AEC28 /* SKCommonBlueToothService.m */ = {isa = PBXFileReference; fileEncoding = 4; lastKnownFileType = sourcecode.c.objc; path = SKCommonBlueToothService.m; sourceTree = "<group>"; };
		C2C41AE814E5088F008AEC28 /* SKCommonGameCenterService.h */ = {isa = PBXFileReference; fileEncoding = 4; lastKnownFileType = sourcecode.c.h; path = SKCommonGameCenterService.h; sourceTree = "<group>"; };
		C2C41AE914E5088F008AEC28 /* SKCommonGameCenterService.m */ = {isa = PBXFileReference; fileEncoding = 4; lastKnownFileType = sourcecode.c.objc; path = SKCommonGameCenterService.m; sourceTree = "<group>"; };
		C2C41AEF14E508DC008AEC28 /* QuartzCore.framework */ = {isa = PBXFileReference; lastKnownFileType = wrapper.framework; name = QuartzCore.framework; path = System/Library/Frameworks/QuartzCore.framework; sourceTree = SDKROOT; };
		C2C41AF114E508E4008AEC28 /* GameKit.framework */ = {isa = PBXFileReference; lastKnownFileType = wrapper.framework; name = GameKit.framework; path = System/Library/Frameworks/GameKit.framework; sourceTree = SDKROOT; };
		C2C41AF314E508F3008AEC28 /* AudioToolbox.framework */ = {isa = PBXFileReference; lastKnownFileType = wrapper.framework; name = AudioToolbox.framework; path = System/Library/Frameworks/AudioToolbox.framework; sourceTree = SDKROOT; };
/* End PBXFileReference section */

/* Begin PBXFrameworksBuildPhase section */
		C2C41AA314E4B5CC008AEC28 /* Frameworks */ = {
			isa = PBXFrameworksBuildPhase;
			buildActionMask = 2147483647;
			files = (
				C2C41AF414E508F3008AEC28 /* AudioToolbox.framework in Frameworks */,
				C2C41AF214E508E4008AEC28 /* GameKit.framework in Frameworks */,
				C2C41AF014E508DC008AEC28 /* QuartzCore.framework in Frameworks */,
				C2C41AAB14E4B5CC008AEC28 /* UIKit.framework in Frameworks */,
				C2C41AAD14E4B5CC008AEC28 /* Foundation.framework in Frameworks */,
				C2C41AAF14E4B5CC008AEC28 /* CoreGraphics.framework in Frameworks */,
				C2C41AB114E4B5CC008AEC28 /* CoreData.framework in Frameworks */,
			);
			runOnlyForDeploymentPostprocessing = 0;
		};
		C2C41AC214E4B5CC008AEC28 /* Frameworks */ = {
			isa = PBXFrameworksBuildPhase;
			buildActionMask = 2147483647;
			files = (
				C2C41AC814E4B5CC008AEC28 /* SenTestingKit.framework in Frameworks */,
				C2C41AC914E4B5CC008AEC28 /* UIKit.framework in Frameworks */,
				C2C41ACA14E4B5CC008AEC28 /* Foundation.framework in Frameworks */,
				C2C41ACB14E4B5CC008AEC28 /* CoreData.framework in Frameworks */,
			);
			runOnlyForDeploymentPostprocessing = 0;
		};
/* End PBXFrameworksBuildPhase section */

/* Begin PBXGroup section */
		C29BAB7E14E6659C004F5306 /* Resource */ = {
			isa = PBXGroup;
			children = (
				C29BAB8314E667C7004F5306 /* feibiao.png */,
				C29BAB8414E667C7004F5306 /* shield.png */,
			);
			name = Resource;
			sourceTree = "<group>";
		};
		C2C41A9B14E4B5CC008AEC28 = {
			isa = PBXGroup;
			children = (
				C2C41AB214E4B5CC008AEC28 /* Shuriken */,
				C2C41ACE14E4B5CC008AEC28 /* ShurikenTests */,
				C2C41AA914E4B5CC008AEC28 /* Frameworks */,
				C2C41AA714E4B5CC008AEC28 /* Products */,
			);
			sourceTree = "<group>";
		};
		C2C41AA714E4B5CC008AEC28 /* Products */ = {
			isa = PBXGroup;
			children = (
				C2C41AA614E4B5CC008AEC28 /* Shuriken.app */,
				C2C41AC614E4B5CC008AEC28 /* ShurikenTests.octest */,
			);
			name = Products;
			sourceTree = "<group>";
		};
		C2C41AA914E4B5CC008AEC28 /* Frameworks */ = {
			isa = PBXGroup;
			children = (
				C2C41AF314E508F3008AEC28 /* AudioToolbox.framework */,
				C2C41AF114E508E4008AEC28 /* GameKit.framework */,
				C2C41AEF14E508DC008AEC28 /* QuartzCore.framework */,
				C2C41AAA14E4B5CC008AEC28 /* UIKit.framework */,
				C2C41AAC14E4B5CC008AEC28 /* Foundation.framework */,
				C2C41AAE14E4B5CC008AEC28 /* CoreGraphics.framework */,
				C2C41AB014E4B5CC008AEC28 /* CoreData.framework */,
				C2C41AC714E4B5CC008AEC28 /* SenTestingKit.framework */,
			);
			name = Frameworks;
			sourceTree = "<group>";
		};
		C2C41AB214E4B5CC008AEC28 /* Shuriken */ = {
			isa = PBXGroup;
			children = (
				C2C41AB314E4B5CC008AEC28 /* Supporting Files */,
				C2C41AE414E50849008AEC28 /* Shuriken_Common */,
				C29BAB7814E66565004F5306 /* ShurikenGameController.h */,
				C29BAB7914E66565004F5306 /* ShurikenGameController.m */,
				C29BAB7A14E66565004F5306 /* ShurikenGameController.xib */,
				C2C41ABB14E4B5CC008AEC28 /* SKAppDelegate.h */,
				C2C41ABC14E4B5CC008AEC28 /* SKAppDelegate.m */,
				C2C41ABE14E4B5CC008AEC28 /* Shuriken.xcdatamodeld */,
				C2C41ADF14E4B5EB008AEC28 /* EntryController.h */,
				C2C41AE014E4B5EB008AEC28 /* EntryController.m */,
				C2C41AE114E4B5EB008AEC28 /* EntryController.xib */,
			);
			path = Shuriken;
			sourceTree = "<group>";
		};
		C2C41AB314E4B5CC008AEC28 /* Supporting Files */ = {
			isa = PBXGroup;
			children = (
				C29BAB7E14E6659C004F5306 /* Resource */,
				C2C41AB414E4B5CC008AEC28 /* Shuriken-Info.plist */,
				C2C41AB514E4B5CC008AEC28 /* InfoPlist.strings */,
				C2C41AB814E4B5CC008AEC28 /* main.m */,
				C2C41ABA14E4B5CC008AEC28 /* Shuriken-Prefix.pch */,
			);
			name = "Supporting Files";
			sourceTree = "<group>";
		};
		C2C41ACE14E4B5CC008AEC28 /* ShurikenTests */ = {
			isa = PBXGroup;
			children = (
				C2C41AD414E4B5CC008AEC28 /* ShurikenTests.h */,
				C2C41AD514E4B5CC008AEC28 /* ShurikenTests.m */,
				C2C41ACF14E4B5CC008AEC28 /* Supporting Files */,
			);
			path = ShurikenTests;
			sourceTree = "<group>";
		};
		C2C41ACF14E4B5CC008AEC28 /* Supporting Files */ = {
			isa = PBXGroup;
			children = (
				C2C41AD014E4B5CC008AEC28 /* ShurikenTests-Info.plist */,
				C2C41AD114E4B5CC008AEC28 /* InfoPlist.strings */,
			);
			name = "Supporting Files";
			sourceTree = "<group>";
		};
		C2C41AE414E50849008AEC28 /* Shuriken_Common */ = {
			isa = PBXGroup;
			children = (
				C2C41AE514E5087B008AEC28 /* SKCommonBlueToothService.h */,
				C2C41AE614E5087B008AEC28 /* SKCommonBlueToothService.m */,
				C2C41AE814E5088F008AEC28 /* SKCommonGameCenterService.h */,
				C2C41AE914E5088F008AEC28 /* SKCommonGameCenterService.m */,
			);
			name = Shuriken_Common;
			sourceTree = "<group>";
		};
/* End PBXGroup section */

/* Begin PBXNativeTarget section */
		C2C41AA514E4B5CC008AEC28 /* Shuriken */ = {
			isa = PBXNativeTarget;
			buildConfigurationList = C2C41AD914E4B5CC008AEC28 /* Build configuration list for PBXNativeTarget "Shuriken" */;
			buildPhases = (
				C2C41AA214E4B5CC008AEC28 /* Sources */,
				C2C41AA314E4B5CC008AEC28 /* Frameworks */,
				C2C41AA414E4B5CC008AEC28 /* Resources */,
			);
			buildRules = (
			);
			dependencies = (
			);
			name = Shuriken;
			productName = Shuriken;
			productReference = C2C41AA614E4B5CC008AEC28 /* Shuriken.app */;
			productType = "com.apple.product-type.application";
		};
		C2C41AC514E4B5CC008AEC28 /* ShurikenTests */ = {
			isa = PBXNativeTarget;
			buildConfigurationList = C2C41ADC14E4B5CC008AEC28 /* Build configuration list for PBXNativeTarget "ShurikenTests" */;
			buildPhases = (
				C2C41AC114E4B5CC008AEC28 /* Sources */,
				C2C41AC214E4B5CC008AEC28 /* Frameworks */,
				C2C41AC314E4B5CC008AEC28 /* Resources */,
				C2C41AC414E4B5CC008AEC28 /* ShellScript */,
			);
			buildRules = (
			);
			dependencies = (
				C2C41ACD14E4B5CC008AEC28 /* PBXTargetDependency */,
			);
			name = ShurikenTests;
			productName = ShurikenTests;
			productReference = C2C41AC614E4B5CC008AEC28 /* ShurikenTests.octest */;
			productType = "com.apple.product-type.bundle";
		};
/* End PBXNativeTarget section */

/* Begin PBXProject section */
		C2C41A9D14E4B5CC008AEC28 /* Project object */ = {
			isa = PBXProject;
			attributes = {
				LastUpgradeCheck = 0420;
			};
			buildConfigurationList = C2C41AA014E4B5CC008AEC28 /* Build configuration list for PBXProject "Shuriken" */;
			compatibilityVersion = "Xcode 3.2";
			developmentRegion = English;
			hasScannedForEncodings = 0;
			knownRegions = (
				en,
			);
			mainGroup = C2C41A9B14E4B5CC008AEC28;
			productRefGroup = C2C41AA714E4B5CC008AEC28 /* Products */;
			projectDirPath = "";
			projectRoot = "";
			targets = (
				C2C41AA514E4B5CC008AEC28 /* Shuriken */,
				C2C41AC514E4B5CC008AEC28 /* ShurikenTests */,
			);
		};
/* End PBXProject section */

/* Begin PBXResourcesBuildPhase section */
		C2C41AA414E4B5CC008AEC28 /* Resources */ = {
			isa = PBXResourcesBuildPhase;
			buildActionMask = 2147483647;
			files = (
				C2C41AB714E4B5CC008AEC28 /* InfoPlist.strings in Resources */,
				C2C41AE314E4B5EB008AEC28 /* EntryController.xib in Resources */,
				C29BAB7C14E66565004F5306 /* ShurikenGameController.xib in Resources */,
				C29BAB8514E667C7004F5306 /* feibiao.png in Resources */,
				C29BAB8614E667C7004F5306 /* shield.png in Resources */,
			);
			runOnlyForDeploymentPostprocessing = 0;
		};
		C2C41AC314E4B5CC008AEC28 /* Resources */ = {
			isa = PBXResourcesBuildPhase;
			buildActionMask = 2147483647;
			files = (
				C2C41AD314E4B5CC008AEC28 /* InfoPlist.strings in Resources */,
			);
			runOnlyForDeploymentPostprocessing = 0;
		};
/* End PBXResourcesBuildPhase section */

/* Begin PBXShellScriptBuildPhase section */
		C2C41AC414E4B5CC008AEC28 /* ShellScript */ = {
			isa = PBXShellScriptBuildPhase;
			buildActionMask = 2147483647;
			files = (
			);
			inputPaths = (
			);
			outputPaths = (
			);
			runOnlyForDeploymentPostprocessing = 0;
			shellPath = /bin/sh;
			shellScript = "# Run the unit tests in this test bundle.\n\"${SYSTEM_DEVELOPER_DIR}/Tools/RunUnitTests\"\n";
		};
/* End PBXShellScriptBuildPhase section */

/* Begin PBXSourcesBuildPhase section */
		C2C41AA214E4B5CC008AEC28 /* Sources */ = {
			isa = PBXSourcesBuildPhase;
			buildActionMask = 2147483647;
			files = (
				C2C41AB914E4B5CC008AEC28 /* main.m in Sources */,
				C2C41ABD14E4B5CC008AEC28 /* SKAppDelegate.m in Sources */,
				C2C41AC014E4B5CC008AEC28 /* Shuriken.xcdatamodeld in Sources */,
				C2C41AE214E4B5EB008AEC28 /* EntryController.m in Sources */,
				C2C41AE714E5087B008AEC28 /* SKCommonBlueToothService.m in Sources */,
				C2C41AEA14E5088F008AEC28 /* SKCommonGameCenterService.m in Sources */,
				C29BAB7B14E66565004F5306 /* ShurikenGameController.m in Sources */,
			);
			runOnlyForDeploymentPostprocessing = 0;
		};
		C2C41AC114E4B5CC008AEC28 /* Sources */ = {
			isa = PBXSourcesBuildPhase;
			buildActionMask = 2147483647;
			files = (
				C2C41AD614E4B5CC008AEC28 /* ShurikenTests.m in Sources */,
			);
			runOnlyForDeploymentPostprocessing = 0;
		};
/* End PBXSourcesBuildPhase section */

/* Begin PBXTargetDependency section */
		C2C41ACD14E4B5CC008AEC28 /* PBXTargetDependency */ = {
			isa = PBXTargetDependency;
			target = C2C41AA514E4B5CC008AEC28 /* Shuriken */;
			targetProxy = C2C41ACC14E4B5CC008AEC28 /* PBXContainerItemProxy */;
		};
/* End PBXTargetDependency section */

/* Begin PBXVariantGroup section */
		C2C41AB514E4B5CC008AEC28 /* InfoPlist.strings */ = {
			isa = PBXVariantGroup;
			children = (
				C2C41AB614E4B5CC008AEC28 /* en */,
			);
			name = InfoPlist.strings;
			sourceTree = "<group>";
		};
		C2C41AD114E4B5CC008AEC28 /* InfoPlist.strings */ = {
			isa = PBXVariantGroup;
			children = (
				C2C41AD214E4B5CC008AEC28 /* en */,
			);
			name = InfoPlist.strings;
			sourceTree = "<group>";
		};
/* End PBXVariantGroup section */

/* Begin XCBuildConfiguration section */
		C2C41AD714E4B5CC008AEC28 /* Debug */ = {
			isa = XCBuildConfiguration;
			buildSettings = {
				ALWAYS_SEARCH_USER_PATHS = NO;
				ARCHS = "$(ARCHS_STANDARD_32_BIT)";
				CLANG_ENABLE_OBJC_ARC = YES;
				"CODE_SIGN_IDENTITY[sdk=iphoneos*]" = "iPhone Developer: Lingzhe Peng (9WG829Y3AG)";
				COPY_PHASE_STRIP = NO;
				GCC_C_LANGUAGE_STANDARD = gnu99;
				GCC_DYNAMIC_NO_PIC = NO;
				GCC_OPTIMIZATION_LEVEL = 0;
				GCC_PREPROCESSOR_DEFINITIONS = (
					"DEBUG=1",
					"$(inherited)",
				);
				GCC_SYMBOLS_PRIVATE_EXTERN = NO;
				GCC_VERSION = com.apple.compilers.llvm.clang.1_0;
				GCC_WARN_ABOUT_MISSING_PROTOTYPES = YES;
				GCC_WARN_ABOUT_RETURN_TYPE = YES;
				GCC_WARN_UNUSED_VARIABLE = YES;
				IPHONEOS_DEPLOYMENT_TARGET = 5.0;
				"PROVISIONING_PROFILE[sdk=iphoneos*]" = "11CDA258-B0BB-440D-A291-C5B91D6C153B";
				SDKROOT = iphoneos;
			};
			name = Debug;
		};
		C2C41AD814E4B5CC008AEC28 /* Release */ = {
			isa = XCBuildConfiguration;
			buildSettings = {
				ALWAYS_SEARCH_USER_PATHS = NO;
				ARCHS = "$(ARCHS_STANDARD_32_BIT)";
				CLANG_ENABLE_OBJC_ARC = YES;
				"CODE_SIGN_IDENTITY[sdk=iphoneos*]" = "iPhone Developer: Lingzhe Peng (9WG829Y3AG)";
				COPY_PHASE_STRIP = YES;
				GCC_C_LANGUAGE_STANDARD = gnu99;
				GCC_VERSION = com.apple.compilers.llvm.clang.1_0;
				GCC_WARN_ABOUT_MISSING_PROTOTYPES = YES;
				GCC_WARN_ABOUT_RETURN_TYPE = YES;
				GCC_WARN_UNUSED_VARIABLE = YES;
				IPHONEOS_DEPLOYMENT_TARGET = 5.0;
				OTHER_CFLAGS = "-DNS_BLOCK_ASSERTIONS=1";
				"PROVISIONING_PROFILE[sdk=iphoneos*]" = "11CDA258-B0BB-440D-A291-C5B91D6C153B";
				SDKROOT = iphoneos;
				VALIDATE_PRODUCT = YES;
			};
			name = Release;
		};
		C2C41ADA14E4B5CC008AEC28 /* Debug */ = {
			isa = XCBuildConfiguration;
			buildSettings = {
				"CODE_SIGN_IDENTITY[sdk=iphoneos*]" = "iPhone Developer: Lingzhe Peng (9WG829Y3AG)";
				GCC_PRECOMPILE_PREFIX_HEADER = YES;
				GCC_PREFIX_HEADER = "Shuriken/Shuriken-Prefix.pch";
				INFOPLIST_FILE = "Shuriken/Shuriken-Info.plist";
				IPHONEOS_DEPLOYMENT_TARGET = 4.2;
				PRODUCT_NAME = "$(TARGET_NAME)";
				"PROVISIONING_PROFILE[sdk=iphoneos*]" = "11CDA258-B0BB-440D-A291-C5B91D6C153B";
				WRAPPER_EXTENSION = app;
			};
			name = Debug;
		};
		C2C41ADB14E4B5CC008AEC28 /* Release */ = {
			isa = XCBuildConfiguration;
			buildSettings = {
				"CODE_SIGN_IDENTITY[sdk=iphoneos*]" = "iPhone Developer: Lingzhe Peng (9WG829Y3AG)";
				GCC_PRECOMPILE_PREFIX_HEADER = YES;
				GCC_PREFIX_HEADER = "Shuriken/Shuriken-Prefix.pch";
				INFOPLIST_FILE = "Shuriken/Shuriken-Info.plist";
				IPHONEOS_DEPLOYMENT_TARGET = 4.2;
				PRODUCT_NAME = "$(TARGET_NAME)";
				"PROVISIONING_PROFILE[sdk=iphoneos*]" = "11CDA258-B0BB-440D-A291-C5B91D6C153B";
				WRAPPER_EXTENSION = app;
			};
			name = Release;
		};
		C2C41ADD14E4B5CC008AEC28 /* Debug */ = {
			isa = XCBuildConfiguration;
			buildSettings = {
				BUNDLE_LOADER = "$(BUILT_PRODUCTS_DIR)/Shuriken.app/Shuriken";
				FRAMEWORK_SEARCH_PATHS = (
					"$(SDKROOT)/Developer/Library/Frameworks",
					"$(DEVELOPER_LIBRARY_DIR)/Frameworks",
				);
				GCC_PRECOMPILE_PREFIX_HEADER = YES;
				GCC_PREFIX_HEADER = "Shuriken/Shuriken-Prefix.pch";
				INFOPLIST_FILE = "ShurikenTests/ShurikenTests-Info.plist";
				PRODUCT_NAME = "$(TARGET_NAME)";
				TEST_HOST = "$(BUNDLE_LOADER)";
				WRAPPER_EXTENSION = octest;
			};
			name = Debug;
		};
		C2C41ADE14E4B5CC008AEC28 /* Release */ = {
			isa = XCBuildConfiguration;
			buildSettings = {
				BUNDLE_LOADER = "$(BUILT_PRODUCTS_DIR)/Shuriken.app/Shuriken";
				FRAMEWORK_SEARCH_PATHS = (
					"$(SDKROOT)/Developer/Library/Frameworks",
					"$(DEVELOPER_LIBRARY_DIR)/Frameworks",
				);
				GCC_PRECOMPILE_PREFIX_HEADER = YES;
				GCC_PREFIX_HEADER = "Shuriken/Shuriken-Prefix.pch";
				INFOPLIST_FILE = "ShurikenTests/ShurikenTests-Info.plist";
				PRODUCT_NAME = "$(TARGET_NAME)";
				TEST_HOST = "$(BUNDLE_LOADER)";
				WRAPPER_EXTENSION = octest;
			};
			name = Release;
		};
/* End XCBuildConfiguration section */

/* Begin XCConfigurationList section */
		C2C41AA014E4B5CC008AEC28 /* Build configuration list for PBXProject "Shuriken" */ = {
			isa = XCConfigurationList;
			buildConfigurations = (
				C2C41AD714E4B5CC008AEC28 /* Debug */,
				C2C41AD814E4B5CC008AEC28 /* Release */,
			);
			defaultConfigurationIsVisible = 0;
			defaultConfigurationName = Release;
		};
		C2C41AD914E4B5CC008AEC28 /* Build configuration list for PBXNativeTarget "Shuriken" */ = {
			isa = XCConfigurationList;
			buildConfigurations = (
				C2C41ADA14E4B5CC008AEC28 /* Debug */,
				C2C41ADB14E4B5CC008AEC28 /* Release */,
			);
			defaultConfigurationIsVisible = 0;
			defaultConfigurationName = Release;
		};
		C2C41ADC14E4B5CC008AEC28 /* Build configuration list for PBXNativeTarget "ShurikenTests" */ = {
			isa = XCConfigurationList;
			buildConfigurations = (
				C2C41ADD14E4B5CC008AEC28 /* Debug */,
				C2C41ADE14E4B5CC008AEC28 /* Release */,
			);
			defaultConfigurationIsVisible = 0;
			defaultConfigurationName = Release;
		};
/* End XCConfigurationList section */

/* Begin XCVersionGroup section */
		C2C41ABE14E4B5CC008AEC28 /* Shuriken.xcdatamodeld */ = {
			isa = XCVersionGroup;
			children = (
				C2C41ABF14E4B5CC008AEC28 /* Shuriken.xcdatamodel */,
			);
			currentVersion = C2C41ABF14E4B5CC008AEC28 /* Shuriken.xcdatamodel */;
			path = Shuriken.xcdatamodeld;
			sourceTree = "<group>";
			versionGroupType = wrapper.xcdatamodel;
		};
/* End XCVersionGroup section */
	};
	rootObject = C2C41A9D14E4B5CC008AEC28 /* Project object */;
}
